PODS:
  - AirBar (2.0.5)
  - DifferenceKit (1.1.5):
    - DifferenceKit/Core (= 1.1.5)
    - DifferenceKit/UIKitExtension (= 1.1.5)
  - DifferenceKit/Core (1.1.5)
  - DifferenceKit/UIKitExtension (1.1.5):
    - DifferenceKit/Core
  - ESPullToRefresh (2.9.1)
  - ESTabBarController-swift (2.8.0)
  - ExpandingMenu (0.4.0)
  - HandyJSON (5.0.1)
  - KeychainAccess (4.1.0)
  - Loaf (0.5.0)
  - Nuke (8.3.1)
  - NVActivityIndicatorView (4.8.0):
    - NVActivityIndicatorView/Presenter (= 4.8.0)
  - NVActivityIndicatorView/Presenter (4.8.0)
  - ObjcExceptionBridging (1.0.1):
    - ObjcExceptionBridging/ObjcExceptionBridging (= 1.0.1)
  - ObjcExceptionBridging/ObjcExceptionBridging (1.0.1)
  - PanModal (1.2.5)
  - ParallaxHeader (3.0.0)
  - PryntTrimmerView (4.0.0)
  - Realm (4.1.1):
    - Realm/Headers (= 4.1.1)
  - Realm/Headers (4.1.1)
  - RealmSwift (4.1.1):
    - Realm (= 4.1.1)
  - ReSwift (5.0.0)
  - ReSwiftMonitor (0.0.8):
    - HandyJSON (~> 5.0.0)
    - ReSwift (~> 5.0.0)
    - Starscream (~> 3.1.0)
  - RxSwift (5.0.1)
  - Starscream (3.1.1)
  - SteviaLayout (4.7.3)
  - XCGLogger (7.0.1):
    - XCGLogger/Core (= 7.0.1)
  - XCGLogger/Core (7.0.1):
    - ObjcExceptionBridging
  - YPImagePicker (4.2.0):
    - PryntTrimmerView (~> 4.0.0)
    - SteviaLayout (~> 4.7.3)

DEPENDENCIES:
  - AirBar (~> 2.0)
  - DifferenceKit
  - ESPullToRefresh
  - ESTabBarController-swift
  - ExpandingMenu (~> 0.4)
  - KeychainAccess
  - Loaf
  - Nuke
  - NVActivityIndicatorView
  - PanModal
  - ParallaxHeader (~> 3.0.0)
  - RealmSwift
  - ReSwift
  - ReSwiftMonitor
  - RxSwift
  - XCGLogger (~> 7.0.1)
  - YPImagePicker

SPEC REPOS:
  trunk:
    - AirBar
    - DifferenceKit
    - ESPullToRefresh
    - ESTabBarController-swift
    - ExpandingMenu
    - HandyJSON
    - KeychainAccess
    - Loaf
    - Nuke
    - NVActivityIndicatorView
    - ObjcExceptionBridging
    - PanModal
    - ParallaxHeader
    - PryntTrimmerView
    - Realm
    - RealmSwift
    - ReSwift
    - ReSwiftMonitor
    - RxSwift
    - Starscream
    - SteviaLayout
    - XCGLogger
    - YPImagePicker

SPEC CHECKSUMS:
  AirBar: 01bfd58778a6f08491dd0eb7574979075da3bd14
  DifferenceKit: 516f12e336ed65a3a0665847b5c3cb5cad4bd4ea
  ESPullToRefresh: 8efd37e4cb400addfd28add6757aaf1a461483eb
  ESTabBarController-swift: 05593a6ad64700b03c0eb60ff625916370aa4136
  ExpandingMenu: 3187a4ed1aa1aea85418e444c213e4cd6063c122
  HandyJSON: d45b8415c501e3affc59ca9762c1197ff0feb646
  KeychainAccess: 445e28864fe6d3458b41fa211bcdc39890e8bd5a
  Loaf: 0800b444431366bc395d54267975d4ad4ad5c99c
  Nuke: 85fb80f8df0cb26c28d2f4e0cb7fb93bcd6548d3
  NVActivityIndicatorView: d24b7ebcf80af5dcd994adb650e2b6c93379270f
  ObjcExceptionBridging: c30e00eb3700467e695faeea30e26e18bd445001
  PanModal: 7c5af3ad4fe22b91508040965bebffb89fb607ae
  ParallaxHeader: a343f55eb38f52a89c5820a77e14cf975b84e6aa
  PryntTrimmerView: 67e67573ffd4c073f1308effa66aefd0cfa667a0
  Realm: 25f0a8244cbb1c2271c922963ea8666fc2d8104d
  RealmSwift: 9e2657b33764f80e4a4dffd6d440e24715782052
  ReSwift: 628f1a9b3ee52e3b3ca2a644435472fd77afafe1
  ReSwiftMonitor: 218f5470e5d671689f3052ab0c22774eb7913799
  RxSwift: e2dc62b366a3adf6a0be44ba9f405efd4c94e0c4
  Starscream: 4bb2f9942274833f7b4d296a55504dcfc7edb7b0
  SteviaLayout: c2ecdcff57d44e38fd2f65e54ad52aeae28ca0c4
  XCGLogger: 1943831ef907df55108b0b18657953f868de973b
  YPImagePicker: accf310f9526641a84372c0ecf943547d9b1e52c

PODFILE CHECKSUM: ae12e7c8444ad62161c94b81bf5a2d1494b67e3f

COCOAPODS: 1.8.4
