PODS:
  - ActiveLabel (1.1.0)
  - AnimatedCollectionViewLayout (1.0.1)
  - BouncyLayout (2.2.0)
  - FontAwesome.swift (1.9.0)
  - Gedatsu (0.0.7)
  - KeychainAccess (4.2.0)
  - Kingfisher (5.13.4):
    - Kingfisher/Core (= 5.13.4)
  - Kingfisher/Core (5.13.4)
  - PanModal (1.2.7)
  - PKHUD (5.3.0)
  - Realm (4.4.1):
    - Realm/Headers (= 4.4.1)
  - Realm/Headers (4.4.1)
  - RealmSwift (4.4.1):
    - Realm (= 4.4.1)
  - ReSwift (5.0.0)
  - RxCocoa (5.1.1):
    - RxRelay (~> 5)
    - RxSwift (~> 5)
  - RxRelay (5.1.1):
    - RxSwift (~> 5)
  - RxSwift (5.1.1)
  - WaterfallLayout (0.2)
  - YNDropDownMenu (3.1.0)

DEPENDENCIES:
  - ActiveLabel
  - AnimatedCollectionViewLayout
  - BouncyLayout
  - FontAwesome.swift
  - Gedatsu
  - KeychainAccess
  - Kingfisher
  - PanModal
  - PKHUD (~> 5.0)
  - RealmSwift
  - ReSwift
  - RxCocoa
  - RxSwift
  - WaterfallLayout
  - YNDropDownMenu

SPEC REPOS:
  trunk:
    - ActiveLabel
    - AnimatedCollectionViewLayout
    - BouncyLayout
    - FontAwesome.swift
    - Gedatsu
    - KeychainAccess
    - Kingfisher
    - PanModal
    - PKHUD
    - Realm
    - RealmSwift
    - ReSwift
    - RxCocoa
    - RxRelay
    - RxSwift
    - WaterfallLayout
    - YNDropDownMenu

SPEC CHECKSUMS:
  ActiveLabel: 5e3f4de79a1952d4604b845a0610d4776e4b82b3
  AnimatedCollectionViewLayout: 00f0997fd26f0fd02d8b99765023b95570b5d826
  BouncyLayout: b8be605d6c729086d0fc83f180f71e804abeaf04
  FontAwesome.swift: a403b88cec950511745ba8f2decd1b6a07346d13
  Gedatsu: 9b721389f5857f954451d1072287ada5ced48b83
  KeychainAccess: 3f760109aa99b05d0f231e28b22642da7153e38a
  Kingfisher: d2279a7abece3c7f25a80cd2b7f363ca5cf3f44c
  PanModal: 3e16ead1a907fb06f4df3f13492fd00149fa4974
  PKHUD: 98f3e4bc904b9c916f1c5bb6d765365b5357291b
  Realm: 4eb04d7487bd43c0581256f40b424eafb711deff
  RealmSwift: 3eb8924ff7100df5928c7602f71d0fec51e7c9c5
  ReSwift: 628f1a9b3ee52e3b3ca2a644435472fd77afafe1
  RxCocoa: 32065309a38d29b5b0db858819b5bf9ef038b601
  RxRelay: d77f7d771495f43c556cbc43eebd1bb54d01e8e9
  RxSwift: 81470a2074fa8780320ea5fe4102807cb7118178
  WaterfallLayout: 030e04b041e5c6c47ae2c1eaa685c60289fab0b1
  YNDropDownMenu: 9c88e36c5f913bc614aaf0f3d0a7968f6251268b

PODFILE CHECKSUM: d542824ef8c25f0a6f60f407972cd857617d4bb7

COCOAPODS: 1.9.1
