// !$*UTF8*$!
{
	archiveVersion = 1;
	classes = {
	};
	objectVersion = 51;
	objects = {

/* Begin PBXBuildFile section */
		843036C4A231FCAC14A48314 /* Pods_VisualEffectTraceExample.framework in Frameworks */ = {isa = PBXBuildFile; fileRef = 2C93C463F55AF4FFC433D1E5 /* Pods_VisualEffectTraceExample.framework */; };
		DE0424E52402AF50008DEF36 /* AnnouncementAPIResponse.swift in Sources */ = {isa = PBXBuildFile; fileRef = DE0424E42402AF50008DEF36 /* AnnouncementAPIResponse.swift */; };
		DE04C9C0244C76E100684BA1 /* AnnouncementScreenTransition.swift in Sources */ = {isa = PBXBuildFile; fileRef = DE04C9BF244C76E100684BA1 /* AnnouncementScreenTransition.swift */; };
		DE04C9C2244C943100684BA1 /* AnnouncementScreenTransitioningDelegate.swift in Sources */ = {isa = PBXBuildFile; fileRef = DE04C9C1244C943100684BA1 /* AnnouncementScreenTransitioningDelegate.swift */; };
		DE14134823FB02A10000D27C /* APIRequestManager.swift in Sources */ = {isa = PBXBuildFile; fileRef = DE14134723FB02A10000D27C /* APIRequestManager.swift */; };
		DE1A5D62244FCC5E0065A11E /* GlobalTabBar.storyboard in Resources */ = {isa = PBXBuildFile; fileRef = DE1A5D60244FCC5E0065A11E /* GlobalTabBar.storyboard */; };
		DE1A5D64244FCD1C0065A11E /* GlobalTabBarController.swift in Sources */ = {isa = PBXBuildFile; fileRef = DE1A5D63244FCD1C0065A11E /* GlobalTabBarController.swift */; };
		DE2AB89A2427A57000335E4F /* tutorial_data.json in Resources */ = {isa = PBXBuildFile; fileRef = DE2AB8992427A57000335E4F /* tutorial_data.json */; };
		DE2AB89F242973A100335E4F /* GetTutorialDataUseCase.swift in Sources */ = {isa = PBXBuildFile; fileRef = DE2AB89E242973A100335E4F /* GetTutorialDataUseCase.swift */; };
		DE2AB8A42429787B00335E4F /* TutorialDataRepository.swift in Sources */ = {isa = PBXBuildFile; fileRef = DE2AB8A32429787B00335E4F /* TutorialDataRepository.swift */; };
		DE2AB8AC242F424800335E4F /* ScreenCoodinator.swift in Sources */ = {isa = PBXBuildFile; fileRef = DE2AB8AB242F424800335E4F /* ScreenCoodinator.swift */; };
		DE2AB8B1242F4C3600335E4F /* TutorialScreenCoodinator.swift in Sources */ = {isa = PBXBuildFile; fileRef = DE2AB8B0242F4C3600335E4F /* TutorialScreenCoodinator.swift */; };
		DE2AB8B9242F7EC200335E4F /* MainViewModel.swift in Sources */ = {isa = PBXBuildFile; fileRef = DE2AB8B8242F7EC200335E4F /* MainViewModel.swift */; };
		DE2AB8BB242FC5AB00335E4F /* HandleMainScreenUseCase.swift in Sources */ = {isa = PBXBuildFile; fileRef = DE2AB8BA242FC5AB00335E4F /* HandleMainScreenUseCase.swift */; };
		DE2AB8BD242FC69700335E4F /* ApplicationUserStatus.swift in Sources */ = {isa = PBXBuildFile; fileRef = DE2AB8BC242FC69700335E4F /* ApplicationUserStatus.swift */; };
		DE2AB8BF242FCA1A00335E4F /* MainScreenRepository.swift in Sources */ = {isa = PBXBuildFile; fileRef = DE2AB8BE242FCA1A00335E4F /* MainScreenRepository.swift */; };
		DE2AB8C1242FEACA00335E4F /* AppState.swift in Sources */ = {isa = PBXBuildFile; fileRef = DE2AB8C0242FEACA00335E4F /* AppState.swift */; };
		DE2AB8C4242FEB5700335E4F /* BaseScreenState.swift in Sources */ = {isa = PBXBuildFile; fileRef = DE2AB8C3242FEB5700335E4F /* BaseScreenState.swift */; };
		DE2AB8C6242FEF1B00335E4F /* AppLogger.swift in Sources */ = {isa = PBXBuildFile; fileRef = DE2AB8C5242FEF1B00335E4F /* AppLogger.swift */; };
		DE2AB8C8242FEF8700335E4F /* ActionLoggingMiddleware.swift in Sources */ = {isa = PBXBuildFile; fileRef = DE2AB8C7242FEF8600335E4F /* ActionLoggingMiddleware.swift */; };
		DE2AB8CA242FF01100335E4F /* AppReducer.swift in Sources */ = {isa = PBXBuildFile; fileRef = DE2AB8C9242FF01100335E4F /* AppReducer.swift */; };
		DE2AB8CC242FF07900335E4F /* BaseScreenReducer.swift in Sources */ = {isa = PBXBuildFile; fileRef = DE2AB8CB242FF07900335E4F /* BaseScreenReducer.swift */; };
		DE2AB8CE242FF0D300335E4F /* BaseScreenAction.swift in Sources */ = {isa = PBXBuildFile; fileRef = DE2AB8CD242FF0D300335E4F /* BaseScreenAction.swift */; };
		DE2AB8D0242FF8A000335E4F /* BaseScreenActionCreator.swift in Sources */ = {isa = PBXBuildFile; fileRef = DE2AB8CF242FF8A000335E4F /* BaseScreenActionCreator.swift */; };
		DE2AB8D4243070B900335E4F /* UIWindowScanner.swift in Sources */ = {isa = PBXBuildFile; fileRef = DE2AB8D3243070B900335E4F /* UIWindowScanner.swift */; };
		DE634C3A24361150004CA920 /* CurrentApplicationUserRepository.swift in Sources */ = {isa = PBXBuildFile; fileRef = DE634C3924361150004CA920 /* CurrentApplicationUserRepository.swift */; };
		DE634C402438CFB2004CA920 /* SigninScreenState.swift in Sources */ = {isa = PBXBuildFile; fileRef = DE634C3F2438CFB2004CA920 /* SigninScreenState.swift */; };
		DE634C422438D052004CA920 /* SigninScreenAction.swift in Sources */ = {isa = PBXBuildFile; fileRef = DE634C412438D052004CA920 /* SigninScreenAction.swift */; };
		DE634C442438D097004CA920 /* SigninScreenActionCreator.swift in Sources */ = {isa = PBXBuildFile; fileRef = DE634C432438D097004CA920 /* SigninScreenActionCreator.swift */; };
		DE634C462438D56B004CA920 /* SigninScreenReducer.swift in Sources */ = {isa = PBXBuildFile; fileRef = DE634C452438D56B004CA920 /* SigninScreenReducer.swift */; };
		DE634C4A2438ED41004CA920 /* SigninViewModel.swift in Sources */ = {isa = PBXBuildFile; fileRef = DE634C492438ED41004CA920 /* SigninViewModel.swift */; };
		DE67D97F2432370900EB2D61 /* Signup.storyboard in Resources */ = {isa = PBXBuildFile; fileRef = DE67D97D2432370900EB2D61 /* Signup.storyboard */; };
		DE67D9822432372500EB2D61 /* Announcement.storyboard in Resources */ = {isa = PBXBuildFile; fileRef = DE67D9802432372500EB2D61 /* Announcement.storyboard */; };
		DE67D984243246B300EB2D61 /* AnnouncementViewController.swift in Sources */ = {isa = PBXBuildFile; fileRef = DE67D983243246B300EB2D61 /* AnnouncementViewController.swift */; };
		DE67D98824324A3300EB2D61 /* SigninViewController.swift in Sources */ = {isa = PBXBuildFile; fileRef = DE67D98724324A3300EB2D61 /* SigninViewController.swift */; };
		DE67D98A24324A5900EB2D61 /* SignupViewController.swift in Sources */ = {isa = PBXBuildFile; fileRef = DE67D98924324A5900EB2D61 /* SignupViewController.swift */; };
		DE67D98C24324D7400EB2D61 /* SigninScreenCoodinator.swift in Sources */ = {isa = PBXBuildFile; fileRef = DE67D98B24324D7400EB2D61 /* SigninScreenCoodinator.swift */; };
		DE67D98E2433895300EB2D61 /* FormInputTextFieldStyle.swift in Sources */ = {isa = PBXBuildFile; fileRef = DE67D98D2433895300EB2D61 /* FormInputTextFieldStyle.swift */; };
		DE67D99124338F4100EB2D61 /* FormInputTextFieldView.xib in Resources */ = {isa = PBXBuildFile; fileRef = DE67D99024338F4100EB2D61 /* FormInputTextFieldView.xib */; };
		DE67D99324338F5E00EB2D61 /* FormInputTextFieldView.swift in Sources */ = {isa = PBXBuildFile; fileRef = DE67D99224338F5E00EB2D61 /* FormInputTextFieldView.swift */; };
		DE67D995243568A000EB2D61 /* UpdateCurrentApplicationUserStatusUsecase.swift in Sources */ = {isa = PBXBuildFile; fileRef = DE67D994243568A000EB2D61 /* UpdateCurrentApplicationUserStatusUsecase.swift */; };
		DE726CBC243AA3450043FA4E /* SigninScreenValidator.swift in Sources */ = {isa = PBXBuildFile; fileRef = DE726CBB243AA3450043FA4E /* SigninScreenValidator.swift */; };
		DE726CBE243AA47F0043FA4E /* Validator.swift in Sources */ = {isa = PBXBuildFile; fileRef = DE726CBD243AA47F0043FA4E /* Validator.swift */; };
		DE726CC0243AB5310043FA4E /* CompositionalValidator.swift in Sources */ = {isa = PBXBuildFile; fileRef = DE726CBF243AB5310043FA4E /* CompositionalValidator.swift */; };
		DE8084A72451DC2700641A22 /* GlobalTabBarScreenCoodinator.swift in Sources */ = {isa = PBXBuildFile; fileRef = DE8084A62451DC2700641A22 /* GlobalTabBarScreenCoodinator.swift */; };
		DE84854224279D7D00766098 /* Tutorial.storyboard in Resources */ = {isa = PBXBuildFile; fileRef = DE84854024279D7D00766098 /* Tutorial.storyboard */; };
		DE84854524279DF800766098 /* TutorialCollectionViewCell.swift in Sources */ = {isa = PBXBuildFile; fileRef = DE84854324279DF800766098 /* TutorialCollectionViewCell.swift */; };
		DE84854624279DF800766098 /* TutorialCollectionViewCell.xib in Resources */ = {isa = PBXBuildFile; fileRef = DE84854424279DF800766098 /* TutorialCollectionViewCell.xib */; };
		DE84854824279E2200766098 /* TutorialViewController.swift in Sources */ = {isa = PBXBuildFile; fileRef = DE84854724279E2200766098 /* TutorialViewController.swift */; };
		DE84854A2427A43C00766098 /* TutorialViewModel.swift in Sources */ = {isa = PBXBuildFile; fileRef = DE8485492427A43C00766098 /* TutorialViewModel.swift */; };
		DE84854C2427A48A00766098 /* TutorialEntity.swift in Sources */ = {isa = PBXBuildFile; fileRef = DE84854B2427A48A00766098 /* TutorialEntity.swift */; };
		DE84873F2425B5D400A40975 /* KeychainAccessManager.swift in Sources */ = {isa = PBXBuildFile; fileRef = DE84873E2425B5D400A40975 /* KeychainAccessManager.swift */; };
		DE8487412425E21D00A40975 /* AppConstants.swift in Sources */ = {isa = PBXBuildFile; fileRef = DE8487402425E21D00A40975 /* AppConstants.swift */; };
		DE8487432425E81000A40975 /* RealmAccessManager.swift in Sources */ = {isa = PBXBuildFile; fileRef = DE8487422425E81000A40975 /* RealmAccessManager.swift */; };
		DE8487462425FACD00A40975 /* ApplicationUserEntity.swift in Sources */ = {isa = PBXBuildFile; fileRef = DE8487452425FACD00A40975 /* ApplicationUserEntity.swift */; };
		DE8E96542444B9DE0033375F /* AnnouncementScreenCoodinator.swift in Sources */ = {isa = PBXBuildFile; fileRef = DE8E96532444B9DE0033375F /* AnnouncementScreenCoodinator.swift */; };
		DE8E96572444C7480033375F /* AnnouncementViewModel.swift in Sources */ = {isa = PBXBuildFile; fileRef = DE8E96562444C7480033375F /* AnnouncementViewModel.swift */; };
		DE8E96592444C9870033375F /* RequestAnnouncementDataUseCase.swift in Sources */ = {isa = PBXBuildFile; fileRef = DE8E96582444C9870033375F /* RequestAnnouncementDataUseCase.swift */; };
		DE8E965B2444C9E60033375F /* RequestAnnoucementDataRepository.swift in Sources */ = {isa = PBXBuildFile; fileRef = DE8E965A2444C9E60033375F /* RequestAnnoucementDataRepository.swift */; };
		DE8E965D2444D1080033375F /* AnnoucementTableHeaderView.xib in Resources */ = {isa = PBXBuildFile; fileRef = DE8E965C2444D1080033375F /* AnnoucementTableHeaderView.xib */; };
		DE8E965F2444D1130033375F /* AnnoucementTableHeaderView.swift in Sources */ = {isa = PBXBuildFile; fileRef = DE8E965E2444D1130033375F /* AnnoucementTableHeaderView.swift */; };
		DE8FA1DD2432352D00577C47 /* Signin.storyboard in Resources */ = {isa = PBXBuildFile; fileRef = DE8FA1DB2432352D00577C47 /* Signin.storyboard */; };
		DE9D4EFD24437571003439ED /* RequestSignupRepository.swift in Sources */ = {isa = PBXBuildFile; fileRef = DE9D4EFC24437571003439ED /* RequestSignupRepository.swift */; };
		DE9D4EFF24437611003439ED /* GeneralPostSuccessARIResponse.swift in Sources */ = {isa = PBXBuildFile; fileRef = DE9D4EFE24437611003439ED /* GeneralPostSuccessARIResponse.swift */; };
		DE9D4F0324449A91003439ED /* AnnouncementTableViewCell.swift in Sources */ = {isa = PBXBuildFile; fileRef = DE9D4F0124449A91003439ED /* AnnouncementTableViewCell.swift */; };
		DE9D4F0424449A91003439ED /* AnnouncementTableViewCell.xib in Resources */ = {isa = PBXBuildFile; fileRef = DE9D4F0224449A91003439ED /* AnnouncementTableViewCell.xib */; };
		DEA01C7F240107DC00346C1E /* AnnouncementEntity.swift in Sources */ = {isa = PBXBuildFile; fileRef = DEA01C7E240107DC00346C1E /* AnnouncementEntity.swift */; };
		DEAA656923F3122F00C5232B /* AppDelegate.swift in Sources */ = {isa = PBXBuildFile; fileRef = DEAA656823F3122F00C5232B /* AppDelegate.swift */; };
		DEAA656B23F3122F00C5232B /* SceneDelegate.swift in Sources */ = {isa = PBXBuildFile; fileRef = DEAA656A23F3122F00C5232B /* SceneDelegate.swift */; };
		DEAA656D23F3122F00C5232B /* MainViewController.swift in Sources */ = {isa = PBXBuildFile; fileRef = DEAA656C23F3122F00C5232B /* MainViewController.swift */; };
		DEAA657023F3122F00C5232B /* Main.storyboard in Resources */ = {isa = PBXBuildFile; fileRef = DEAA656E23F3122F00C5232B /* Main.storyboard */; };
		DEAA657223F3123100C5232B /* Assets.xcassets in Resources */ = {isa = PBXBuildFile; fileRef = DEAA657123F3123100C5232B /* Assets.xcassets */; };
		DEAA657523F3123100C5232B /* LaunchScreen.storyboard in Resources */ = {isa = PBXBuildFile; fileRef = DEAA657323F3123100C5232B /* LaunchScreen.storyboard */; };
		DEAA658023F3123100C5232B /* VisualEffectTraceExampleTests.swift in Sources */ = {isa = PBXBuildFile; fileRef = DEAA657F23F3123100C5232B /* VisualEffectTraceExampleTests.swift */; };
		DEAA658B23F3123100C5232B /* VisualEffectTraceExampleUITests.swift in Sources */ = {isa = PBXBuildFile; fileRef = DEAA658A23F3123100C5232B /* VisualEffectTraceExampleUITests.swift */; };
		DEAA65A323F70DEC00C5232B /* CustomViewBase.swift in Sources */ = {isa = PBXBuildFile; fileRef = DEAA65A223F70DEC00C5232B /* CustomViewBase.swift */; };
		DEAA65A523F70E2700C5232B /* NSObjectProtocolExtension.swift in Sources */ = {isa = PBXBuildFile; fileRef = DEAA65A423F70E2700C5232B /* NSObjectProtocolExtension.swift */; };
		DEAA65A723F70E4600C5232B /* StoryboardInstantiatable.swift in Sources */ = {isa = PBXBuildFile; fileRef = DEAA65A623F70E4600C5232B /* StoryboardInstantiatable.swift */; };
		DEAA65A923F70E6900C5232B /* UILabelDecorator.swift in Sources */ = {isa = PBXBuildFile; fileRef = DEAA65A823F70E6900C5232B /* UILabelDecorator.swift */; };
		DEAA65AB23F70E9C00C5232B /* UIColorExtension.swift in Sources */ = {isa = PBXBuildFile; fileRef = DEAA65AA23F70E9C00C5232B /* UIColorExtension.swift */; };
		DEAA65AD23F70EE900C5232B /* UIViewControllerExtension.swift in Sources */ = {isa = PBXBuildFile; fileRef = DEAA65AC23F70EE900C5232B /* UIViewControllerExtension.swift */; };
		DEAA65AF23F7288C00C5232B /* UITableViewExtension.swift in Sources */ = {isa = PBXBuildFile; fileRef = DEAA65AE23F7288C00C5232B /* UITableViewExtension.swift */; };
		DEAA65B123F7289A00C5232B /* UICollectionViewExtension.swift in Sources */ = {isa = PBXBuildFile; fileRef = DEAA65B023F7289A00C5232B /* UICollectionViewExtension.swift */; };
		DEAFA5832453D82C0095B335 /* TabBarItemsType.swift in Sources */ = {isa = PBXBuildFile; fileRef = DEAFA5822453D82C0095B335 /* TabBarItemsType.swift */; };
		DEAFA5852453E2850095B335 /* Items.storyboard in Resources */ = {isa = PBXBuildFile; fileRef = DEAFA5842453E2850095B335 /* Items.storyboard */; };
		DEAFA5872453E29D0095B335 /* Featured.storyboard in Resources */ = {isa = PBXBuildFile; fileRef = DEAFA5862453E29D0095B335 /* Featured.storyboard */; };
		DEAFA5892453E2A80095B335 /* Story.storyboard in Resources */ = {isa = PBXBuildFile; fileRef = DEAFA5882453E2A80095B335 /* Story.storyboard */; };
		DEAFA5912453E3130095B335 /* ItemsViewController.swift in Sources */ = {isa = PBXBuildFile; fileRef = DEAFA5902453E3130095B335 /* ItemsViewController.swift */; };
		DEAFA5932453E3230095B335 /* FeaturedViewController.swift in Sources */ = {isa = PBXBuildFile; fileRef = DEAFA5922453E3230095B335 /* FeaturedViewController.swift */; };
		DEAFA5952453E32E0095B335 /* StoryViewController.swift in Sources */ = {isa = PBXBuildFile; fileRef = DEAFA5942453E32E0095B335 /* StoryViewController.swift */; };
		DEDCC875241CD82500BFA165 /* BlockSubScriber.swift in Sources */ = {isa = PBXBuildFile; fileRef = DEDCC874241CD82500BFA165 /* BlockSubScriber.swift */; };
		DEDCC888241DE26700BFA165 /* APIRequestProtocol.swift in Sources */ = {isa = PBXBuildFile; fileRef = DEDCC887241DE26700BFA165 /* APIRequestProtocol.swift */; };
		DEDCC88A241DE30500BFA165 /* APIRequest.swift in Sources */ = {isa = PBXBuildFile; fileRef = DEDCC889241DE30500BFA165 /* APIRequest.swift */; };
		DEE0B70224541E2000B285BA /* ItemsScreenCoodinator.swift in Sources */ = {isa = PBXBuildFile; fileRef = DEE0B70124541E2000B285BA /* ItemsScreenCoodinator.swift */; };
		DEE0B70424541E2F00B285BA /* StoryScreenCoodinator.swift in Sources */ = {isa = PBXBuildFile; fileRef = DEE0B70324541E2F00B285BA /* StoryScreenCoodinator.swift */; };
		DEE0B70624541E4700B285BA /* FeaturedScreenCoodinator.swift in Sources */ = {isa = PBXBuildFile; fileRef = DEE0B70524541E4700B285BA /* FeaturedScreenCoodinator.swift */; };
		DEE0B708245427BA00B285BA /* Search.storyboard in Resources */ = {isa = PBXBuildFile; fileRef = DEE0B707245427BA00B285BA /* Search.storyboard */; };
		DEE0B70A245427E500B285BA /* SearchViewController.swift in Sources */ = {isa = PBXBuildFile; fileRef = DEE0B709245427E500B285BA /* SearchViewController.swift */; };
		DEE0B70C245428B000B285BA /* SearchScreenCoodinator.swift in Sources */ = {isa = PBXBuildFile; fileRef = DEE0B70B245428B000B285BA /* SearchScreenCoodinator.swift */; };
		DEF5A22E244171FC00383473 /* RequestSigninUseCase.swift in Sources */ = {isa = PBXBuildFile; fileRef = DEF5A22D244171FC00383473 /* RequestSigninUseCase.swift */; };
		DEF5A230244172F800383473 /* RequestSigninRepository.swift in Sources */ = {isa = PBXBuildFile; fileRef = DEF5A22F244172F800383473 /* RequestSigninRepository.swift */; };
		DEF5A2322441743600383473 /* SigninAPIResponse.swift in Sources */ = {isa = PBXBuildFile; fileRef = DEF5A2312441743600383473 /* SigninAPIResponse.swift */; };
		DEF5A23624433E1C00383473 /* SignupViewModel.swift in Sources */ = {isa = PBXBuildFile; fileRef = DEF5A23524433E1C00383473 /* SignupViewModel.swift */; };
		DEF5A2382443435600383473 /* RequestSignupUseCase.swift in Sources */ = {isa = PBXBuildFile; fileRef = DEF5A2372443435600383473 /* RequestSignupUseCase.swift */; };
		DEF5A23C2443438A00383473 /* SignupScreenCoodinator.swift in Sources */ = {isa = PBXBuildFile; fileRef = DEF5A23B2443438A00383473 /* SignupScreenCoodinator.swift */; };
		DEF5A23E244343D400383473 /* SignupScreenValidator.swift in Sources */ = {isa = PBXBuildFile; fileRef = DEF5A23D244343D400383473 /* SignupScreenValidator.swift */; };
		DEF5A240244343F600383473 /* SignupScreenState.swift in Sources */ = {isa = PBXBuildFile; fileRef = DEF5A23F244343F600383473 /* SignupScreenState.swift */; };
		DEF5A2422443440800383473 /* SignupScreenAction.swift in Sources */ = {isa = PBXBuildFile; fileRef = DEF5A2412443440800383473 /* SignupScreenAction.swift */; };
		DEF5A2442443442300383473 /* SignupScreenReducer.swift in Sources */ = {isa = PBXBuildFile; fileRef = DEF5A2432443442300383473 /* SignupScreenReducer.swift */; };
		DEF5A2462443443800383473 /* SignupScreenActionCreator.swift in Sources */ = {isa = PBXBuildFile; fileRef = DEF5A2452443443800383473 /* SignupScreenActionCreator.swift */; };
/* End PBXBuildFile section */

/* Begin PBXContainerItemProxy section */
		DEAA657C23F3123100C5232B /* PBXContainerItemProxy */ = {
			isa = PBXContainerItemProxy;
			containerPortal = DEAA655D23F3122F00C5232B /* Project object */;
			proxyType = 1;
			remoteGlobalIDString = DEAA656423F3122F00C5232B;
			remoteInfo = VisualEffectTraceExample;
		};
		DEAA658723F3123100C5232B /* PBXContainerItemProxy */ = {
			isa = PBXContainerItemProxy;
			containerPortal = DEAA655D23F3122F00C5232B /* Project object */;
			proxyType = 1;
			remoteGlobalIDString = DEAA656423F3122F00C5232B;
			remoteInfo = VisualEffectTraceExample;
		};
/* End PBXContainerItemProxy section */

/* Begin PBXFileReference section */
		1C8C1B8206245010E05842E0 /* Pods-VisualEffectTraceExample.debug.xcconfig */ = {isa = PBXFileReference; includeInIndex = 1; lastKnownFileType = text.xcconfig; name = "Pods-VisualEffectTraceExample.debug.xcconfig"; path = "Target Support Files/Pods-VisualEffectTraceExample/Pods-VisualEffectTraceExample.debug.xcconfig"; sourceTree = "<group>"; };
		2C93C463F55AF4FFC433D1E5 /* Pods_VisualEffectTraceExample.framework */ = {isa = PBXFileReference; explicitFileType = wrapper.framework; includeInIndex = 0; path = Pods_VisualEffectTraceExample.framework; sourceTree = BUILT_PRODUCTS_DIR; };
		3AFA8542E8A9AD89F4086318 /* Pods-VisualEffectTraceExample.release.xcconfig */ = {isa = PBXFileReference; includeInIndex = 1; lastKnownFileType = text.xcconfig; name = "Pods-VisualEffectTraceExample.release.xcconfig"; path = "Target Support Files/Pods-VisualEffectTraceExample/Pods-VisualEffectTraceExample.release.xcconfig"; sourceTree = "<group>"; };
		DE0424E42402AF50008DEF36 /* AnnouncementAPIResponse.swift */ = {isa = PBXFileReference; lastKnownFileType = sourcecode.swift; path = AnnouncementAPIResponse.swift; sourceTree = "<group>"; };
		DE04C9BF244C76E100684BA1 /* AnnouncementScreenTransition.swift */ = {isa = PBXFileReference; lastKnownFileType = sourcecode.swift; path = AnnouncementScreenTransition.swift; sourceTree = "<group>"; };
		DE04C9C1244C943100684BA1 /* AnnouncementScreenTransitioningDelegate.swift */ = {isa = PBXFileReference; lastKnownFileType = sourcecode.swift; path = AnnouncementScreenTransitioningDelegate.swift; sourceTree = "<group>"; };
		DE14134723FB02A10000D27C /* APIRequestManager.swift */ = {isa = PBXFileReference; lastKnownFileType = sourcecode.swift; path = APIRequestManager.swift; sourceTree = "<group>"; };
		DE1A5D61244FCC5E0065A11E /* Base */ = {isa = PBXFileReference; lastKnownFileType = file.storyboard; name = Base; path = Base.lproj/GlobalTabBar.storyboard; sourceTree = "<group>"; };
		DE1A5D63244FCD1C0065A11E /* GlobalTabBarController.swift */ = {isa = PBXFileReference; lastKnownFileType = sourcecode.swift; path = GlobalTabBarController.swift; sourceTree = "<group>"; };
		DE2AB8992427A57000335E4F /* tutorial_data.json */ = {isa = PBXFileReference; fileEncoding = 4; lastKnownFileType = text.json; path = tutorial_data.json; sourceTree = "<group>"; };
		DE2AB89E242973A100335E4F /* GetTutorialDataUseCase.swift */ = {isa = PBXFileReference; lastKnownFileType = sourcecode.swift; path = GetTutorialDataUseCase.swift; sourceTree = "<group>"; };
		DE2AB8A32429787B00335E4F /* TutorialDataRepository.swift */ = {isa = PBXFileReference; lastKnownFileType = sourcecode.swift; path = TutorialDataRepository.swift; sourceTree = "<group>"; };
		DE2AB8AB242F424800335E4F /* ScreenCoodinator.swift */ = {isa = PBXFileReference; lastKnownFileType = sourcecode.swift; path = ScreenCoodinator.swift; sourceTree = "<group>"; };
		DE2AB8B0242F4C3600335E4F /* TutorialScreenCoodinator.swift */ = {isa = PBXFileReference; lastKnownFileType = sourcecode.swift; path = TutorialScreenCoodinator.swift; sourceTree = "<group>"; };
		DE2AB8B8242F7EC200335E4F /* MainViewModel.swift */ = {isa = PBXFileReference; lastKnownFileType = sourcecode.swift; path = MainViewModel.swift; sourceTree = "<group>"; };
		DE2AB8BA242FC5AB00335E4F /* HandleMainScreenUseCase.swift */ = {isa = PBXFileReference; lastKnownFileType = sourcecode.swift; path = HandleMainScreenUseCase.swift; sourceTree = "<group>"; };
		DE2AB8BC242FC69700335E4F /* ApplicationUserStatus.swift */ = {isa = PBXFileReference; lastKnownFileType = sourcecode.swift; path = ApplicationUserStatus.swift; sourceTree = "<group>"; };
		DE2AB8BE242FCA1A00335E4F /* MainScreenRepository.swift */ = {isa = PBXFileReference; lastKnownFileType = sourcecode.swift; path = MainScreenRepository.swift; sourceTree = "<group>"; };
		DE2AB8C0242FEACA00335E4F /* AppState.swift */ = {isa = PBXFileReference; lastKnownFileType = sourcecode.swift; path = AppState.swift; sourceTree = "<group>"; };
		DE2AB8C3242FEB5700335E4F /* BaseScreenState.swift */ = {isa = PBXFileReference; lastKnownFileType = sourcecode.swift; path = BaseScreenState.swift; sourceTree = "<group>"; };
		DE2AB8C5242FEF1B00335E4F /* AppLogger.swift */ = {isa = PBXFileReference; lastKnownFileType = sourcecode.swift; path = AppLogger.swift; sourceTree = "<group>"; };
		DE2AB8C7242FEF8600335E4F /* ActionLoggingMiddleware.swift */ = {isa = PBXFileReference; lastKnownFileType = sourcecode.swift; path = ActionLoggingMiddleware.swift; sourceTree = "<group>"; };
		DE2AB8C9242FF01100335E4F /* AppReducer.swift */ = {isa = PBXFileReference; lastKnownFileType = sourcecode.swift; path = AppReducer.swift; sourceTree = "<group>"; };
		DE2AB8CB242FF07900335E4F /* BaseScreenReducer.swift */ = {isa = PBXFileReference; lastKnownFileType = sourcecode.swift; path = BaseScreenReducer.swift; sourceTree = "<group>"; };
		DE2AB8CD242FF0D300335E4F /* BaseScreenAction.swift */ = {isa = PBXFileReference; lastKnownFileType = sourcecode.swift; path = BaseScreenAction.swift; sourceTree = "<group>"; };
		DE2AB8CF242FF8A000335E4F /* BaseScreenActionCreator.swift */ = {isa = PBXFileReference; lastKnownFileType = sourcecode.swift; path = BaseScreenActionCreator.swift; sourceTree = "<group>"; };
		DE2AB8D3243070B900335E4F /* UIWindowScanner.swift */ = {isa = PBXFileReference; lastKnownFileType = sourcecode.swift; path = UIWindowScanner.swift; sourceTree = "<group>"; };
		DE634C3924361150004CA920 /* CurrentApplicationUserRepository.swift */ = {isa = PBXFileReference; lastKnownFileType = sourcecode.swift; path = CurrentApplicationUserRepository.swift; sourceTree = "<group>"; };
		DE634C3F2438CFB2004CA920 /* SigninScreenState.swift */ = {isa = PBXFileReference; lastKnownFileType = sourcecode.swift; path = SigninScreenState.swift; sourceTree = "<group>"; };
		DE634C412438D052004CA920 /* SigninScreenAction.swift */ = {isa = PBXFileReference; lastKnownFileType = sourcecode.swift; path = SigninScreenAction.swift; sourceTree = "<group>"; };
		DE634C432438D097004CA920 /* SigninScreenActionCreator.swift */ = {isa = PBXFileReference; lastKnownFileType = sourcecode.swift; path = SigninScreenActionCreator.swift; sourceTree = "<group>"; };
		DE634C452438D56B004CA920 /* SigninScreenReducer.swift */ = {isa = PBXFileReference; lastKnownFileType = sourcecode.swift; path = SigninScreenReducer.swift; sourceTree = "<group>"; };
		DE634C492438ED41004CA920 /* SigninViewModel.swift */ = {isa = PBXFileReference; lastKnownFileType = sourcecode.swift; path = SigninViewModel.swift; sourceTree = "<group>"; };
		DE67D97E2432370900EB2D61 /* Base */ = {isa = PBXFileReference; lastKnownFileType = file.storyboard; name = Base; path = Base.lproj/Signup.storyboard; sourceTree = "<group>"; };
		DE67D9812432372500EB2D61 /* Base */ = {isa = PBXFileReference; lastKnownFileType = file.storyboard; name = Base; path = Base.lproj/Announcement.storyboard; sourceTree = "<group>"; };
		DE67D983243246B300EB2D61 /* AnnouncementViewController.swift */ = {isa = PBXFileReference; lastKnownFileType = sourcecode.swift; path = AnnouncementViewController.swift; sourceTree = "<group>"; };
		DE67D98724324A3300EB2D61 /* SigninViewController.swift */ = {isa = PBXFileReference; lastKnownFileType = sourcecode.swift; path = SigninViewController.swift; sourceTree = "<group>"; };
		DE67D98924324A5900EB2D61 /* SignupViewController.swift */ = {isa = PBXFileReference; lastKnownFileType = sourcecode.swift; path = SignupViewController.swift; sourceTree = "<group>"; };
		DE67D98B24324D7400EB2D61 /* SigninScreenCoodinator.swift */ = {isa = PBXFileReference; lastKnownFileType = sourcecode.swift; path = SigninScreenCoodinator.swift; sourceTree = "<group>"; };
		DE67D98D2433895300EB2D61 /* FormInputTextFieldStyle.swift */ = {isa = PBXFileReference; lastKnownFileType = sourcecode.swift; path = FormInputTextFieldStyle.swift; sourceTree = "<group>"; };
		DE67D99024338F4100EB2D61 /* FormInputTextFieldView.xib */ = {isa = PBXFileReference; lastKnownFileType = file.xib; path = FormInputTextFieldView.xib; sourceTree = "<group>"; };
		DE67D99224338F5E00EB2D61 /* FormInputTextFieldView.swift */ = {isa = PBXFileReference; lastKnownFileType = sourcecode.swift; path = FormInputTextFieldView.swift; sourceTree = "<group>"; };
		DE67D994243568A000EB2D61 /* UpdateCurrentApplicationUserStatusUsecase.swift */ = {isa = PBXFileReference; lastKnownFileType = sourcecode.swift; path = UpdateCurrentApplicationUserStatusUsecase.swift; sourceTree = "<group>"; };
		DE726CBB243AA3450043FA4E /* SigninScreenValidator.swift */ = {isa = PBXFileReference; lastKnownFileType = sourcecode.swift; path = SigninScreenValidator.swift; sourceTree = "<group>"; };
		DE726CBD243AA47F0043FA4E /* Validator.swift */ = {isa = PBXFileReference; lastKnownFileType = sourcecode.swift; path = Validator.swift; sourceTree = "<group>"; };
		DE726CBF243AB5310043FA4E /* CompositionalValidator.swift */ = {isa = PBXFileReference; lastKnownFileType = sourcecode.swift; path = CompositionalValidator.swift; sourceTree = "<group>"; };
		DE8084A62451DC2700641A22 /* GlobalTabBarScreenCoodinator.swift */ = {isa = PBXFileReference; lastKnownFileType = sourcecode.swift; path = GlobalTabBarScreenCoodinator.swift; sourceTree = "<group>"; };
		DE84854124279D7D00766098 /* Base */ = {isa = PBXFileReference; lastKnownFileType = file.storyboard; name = Base; path = Base.lproj/Tutorial.storyboard; sourceTree = "<group>"; };
		DE84854324279DF800766098 /* TutorialCollectionViewCell.swift */ = {isa = PBXFileReference; lastKnownFileType = sourcecode.swift; path = TutorialCollectionViewCell.swift; sourceTree = "<group>"; };
		DE84854424279DF800766098 /* TutorialCollectionViewCell.xib */ = {isa = PBXFileReference; lastKnownFileType = file.xib; path = TutorialCollectionViewCell.xib; sourceTree = "<group>"; };
		DE84854724279E2200766098 /* TutorialViewController.swift */ = {isa = PBXFileReference; lastKnownFileType = sourcecode.swift; name = TutorialViewController.swift; path = VisualEffectTraceExample/ViewController/Tutorial/TutorialViewController.swift; sourceTree = SOURCE_ROOT; };
		DE8485492427A43C00766098 /* TutorialViewModel.swift */ = {isa = PBXFileReference; lastKnownFileType = sourcecode.swift; name = TutorialViewModel.swift; path = VisualEffectTraceExample/ViewModel/TutorialViewModel.swift; sourceTree = SOURCE_ROOT; };
		DE84854B2427A48A00766098 /* TutorialEntity.swift */ = {isa = PBXFileReference; lastKnownFileType = sourcecode.swift; name = TutorialEntity.swift; path = VisualEffectTraceExample/View/TutorialEntity.swift; sourceTree = SOURCE_ROOT; };
		DE84873E2425B5D400A40975 /* KeychainAccessManager.swift */ = {isa = PBXFileReference; lastKnownFileType = sourcecode.swift; path = KeychainAccessManager.swift; sourceTree = "<group>"; };
		DE8487402425E21D00A40975 /* AppConstants.swift */ = {isa = PBXFileReference; lastKnownFileType = sourcecode.swift; path = AppConstants.swift; sourceTree = "<group>"; };
		DE8487422425E81000A40975 /* RealmAccessManager.swift */ = {isa = PBXFileReference; lastKnownFileType = sourcecode.swift; path = RealmAccessManager.swift; sourceTree = "<group>"; };
		DE8487452425FACD00A40975 /* ApplicationUserEntity.swift */ = {isa = PBXFileReference; lastKnownFileType = sourcecode.swift; path = ApplicationUserEntity.swift; sourceTree = "<group>"; };
		DE8E96532444B9DE0033375F /* AnnouncementScreenCoodinator.swift */ = {isa = PBXFileReference; lastKnownFileType = sourcecode.swift; path = AnnouncementScreenCoodinator.swift; sourceTree = "<group>"; };
		DE8E96562444C7480033375F /* AnnouncementViewModel.swift */ = {isa = PBXFileReference; lastKnownFileType = sourcecode.swift; path = AnnouncementViewModel.swift; sourceTree = "<group>"; };
		DE8E96582444C9870033375F /* RequestAnnouncementDataUseCase.swift */ = {isa = PBXFileReference; lastKnownFileType = sourcecode.swift; path = RequestAnnouncementDataUseCase.swift; sourceTree = "<group>"; };
		DE8E965A2444C9E60033375F /* RequestAnnoucementDataRepository.swift */ = {isa = PBXFileReference; lastKnownFileType = sourcecode.swift; path = RequestAnnoucementDataRepository.swift; sourceTree = "<group>"; };
		DE8E965C2444D1080033375F /* AnnoucementTableHeaderView.xib */ = {isa = PBXFileReference; lastKnownFileType = file.xib; path = AnnoucementTableHeaderView.xib; sourceTree = "<group>"; };
		DE8E965E2444D1130033375F /* AnnoucementTableHeaderView.swift */ = {isa = PBXFileReference; lastKnownFileType = sourcecode.swift; path = AnnoucementTableHeaderView.swift; sourceTree = "<group>"; };
		DE8FA1DC2432352D00577C47 /* Base */ = {isa = PBXFileReference; lastKnownFileType = file.storyboard; name = Base; path = Base.lproj/Signin.storyboard; sourceTree = "<group>"; };
		DE9D4EFC24437571003439ED /* RequestSignupRepository.swift */ = {isa = PBXFileReference; lastKnownFileType = sourcecode.swift; path = RequestSignupRepository.swift; sourceTree = "<group>"; };
		DE9D4EFE24437611003439ED /* GeneralPostSuccessARIResponse.swift */ = {isa = PBXFileReference; lastKnownFileType = sourcecode.swift; path = GeneralPostSuccessARIResponse.swift; sourceTree = "<group>"; };
		DE9D4F0124449A91003439ED /* AnnouncementTableViewCell.swift */ = {isa = PBXFileReference; lastKnownFileType = sourcecode.swift; path = AnnouncementTableViewCell.swift; sourceTree = "<group>"; };
		DE9D4F0224449A91003439ED /* AnnouncementTableViewCell.xib */ = {isa = PBXFileReference; lastKnownFileType = file.xib; path = AnnouncementTableViewCell.xib; sourceTree = "<group>"; };
		DEA01C7E240107DC00346C1E /* AnnouncementEntity.swift */ = {isa = PBXFileReference; lastKnownFileType = sourcecode.swift; path = AnnouncementEntity.swift; sourceTree = "<group>"; };
		DEAA656523F3122F00C5232B /* VisualEffectTraceExample.app */ = {isa = PBXFileReference; explicitFileType = wrapper.application; includeInIndex = 0; path = VisualEffectTraceExample.app; sourceTree = BUILT_PRODUCTS_DIR; };
		DEAA656823F3122F00C5232B /* AppDelegate.swift */ = {isa = PBXFileReference; lastKnownFileType = sourcecode.swift; path = AppDelegate.swift; sourceTree = "<group>"; };
		DEAA656A23F3122F00C5232B /* SceneDelegate.swift */ = {isa = PBXFileReference; lastKnownFileType = sourcecode.swift; path = SceneDelegate.swift; sourceTree = "<group>"; };
		DEAA656C23F3122F00C5232B /* MainViewController.swift */ = {isa = PBXFileReference; lastKnownFileType = sourcecode.swift; path = MainViewController.swift; sourceTree = "<group>"; };
		DEAA656F23F3122F00C5232B /* Base */ = {isa = PBXFileReference; lastKnownFileType = file.storyboard; name = Base; path = Base.lproj/Main.storyboard; sourceTree = "<group>"; };
		DEAA657123F3123100C5232B /* Assets.xcassets */ = {isa = PBXFileReference; lastKnownFileType = folder.assetcatalog; path = Assets.xcassets; sourceTree = "<group>"; };
		DEAA657423F3123100C5232B /* Base */ = {isa = PBXFileReference; lastKnownFileType = file.storyboard; name = Base; path = Base.lproj/LaunchScreen.storyboard; sourceTree = "<group>"; };
		DEAA657623F3123100C5232B /* Info.plist */ = {isa = PBXFileReference; lastKnownFileType = text.plist.xml; path = Info.plist; sourceTree = "<group>"; };
		DEAA657B23F3123100C5232B /* VisualEffectTraceExampleTests.xctest */ = {isa = PBXFileReference; explicitFileType = wrapper.cfbundle; includeInIndex = 0; path = VisualEffectTraceExampleTests.xctest; sourceTree = BUILT_PRODUCTS_DIR; };
		DEAA657F23F3123100C5232B /* VisualEffectTraceExampleTests.swift */ = {isa = PBXFileReference; lastKnownFileType = sourcecode.swift; path = VisualEffectTraceExampleTests.swift; sourceTree = "<group>"; };
		DEAA658123F3123100C5232B /* Info.plist */ = {isa = PBXFileReference; lastKnownFileType = text.plist.xml; path = Info.plist; sourceTree = "<group>"; };
		DEAA658623F3123100C5232B /* VisualEffectTraceExampleUITests.xctest */ = {isa = PBXFileReference; explicitFileType = wrapper.cfbundle; includeInIndex = 0; path = VisualEffectTraceExampleUITests.xctest; sourceTree = BUILT_PRODUCTS_DIR; };
		DEAA658A23F3123100C5232B /* VisualEffectTraceExampleUITests.swift */ = {isa = PBXFileReference; lastKnownFileType = sourcecode.swift; path = VisualEffectTraceExampleUITests.swift; sourceTree = "<group>"; };
		DEAA658C23F3123100C5232B /* Info.plist */ = {isa = PBXFileReference; lastKnownFileType = text.plist.xml; path = Info.plist; sourceTree = "<group>"; };
		DEAA65A223F70DEC00C5232B /* CustomViewBase.swift */ = {isa = PBXFileReference; lastKnownFileType = sourcecode.swift; path = CustomViewBase.swift; sourceTree = "<group>"; };
		DEAA65A423F70E2700C5232B /* NSObjectProtocolExtension.swift */ = {isa = PBXFileReference; lastKnownFileType = sourcecode.swift; path = NSObjectProtocolExtension.swift; sourceTree = "<group>"; };
		DEAA65A623F70E4600C5232B /* StoryboardInstantiatable.swift */ = {isa = PBXFileReference; lastKnownFileType = sourcecode.swift; path = StoryboardInstantiatable.swift; sourceTree = "<group>"; };
		DEAA65A823F70E6900C5232B /* UILabelDecorator.swift */ = {isa = PBXFileReference; lastKnownFileType = sourcecode.swift; path = UILabelDecorator.swift; sourceTree = "<group>"; };
		DEAA65AA23F70E9C00C5232B /* UIColorExtension.swift */ = {isa = PBXFileReference; lastKnownFileType = sourcecode.swift; path = UIColorExtension.swift; sourceTree = "<group>"; };
		DEAA65AC23F70EE900C5232B /* UIViewControllerExtension.swift */ = {isa = PBXFileReference; lastKnownFileType = sourcecode.swift; path = UIViewControllerExtension.swift; sourceTree = "<group>"; };
		DEAA65AE23F7288C00C5232B /* UITableViewExtension.swift */ = {isa = PBXFileReference; lastKnownFileType = sourcecode.swift; path = UITableViewExtension.swift; sourceTree = "<group>"; };
		DEAA65B023F7289A00C5232B /* UICollectionViewExtension.swift */ = {isa = PBXFileReference; lastKnownFileType = sourcecode.swift; path = UICollectionViewExtension.swift; sourceTree = "<group>"; };
		DEAFA5822453D82C0095B335 /* TabBarItemsType.swift */ = {isa = PBXFileReference; lastKnownFileType = sourcecode.swift; path = TabBarItemsType.swift; sourceTree = "<group>"; };
		DEAFA5842453E2850095B335 /* Items.storyboard */ = {isa = PBXFileReference; lastKnownFileType = file.storyboard; path = Items.storyboard; sourceTree = "<group>"; };
		DEAFA5862453E29D0095B335 /* Featured.storyboard */ = {isa = PBXFileReference; lastKnownFileType = file.storyboard; path = Featured.storyboard; sourceTree = "<group>"; };
		DEAFA5882453E2A80095B335 /* Story.storyboard */ = {isa = PBXFileReference; lastKnownFileType = file.storyboard; path = Story.storyboard; sourceTree = "<group>"; };
		DEAFA5902453E3130095B335 /* ItemsViewController.swift */ = {isa = PBXFileReference; lastKnownFileType = sourcecode.swift; path = ItemsViewController.swift; sourceTree = "<group>"; };
		DEAFA5922453E3230095B335 /* FeaturedViewController.swift */ = {isa = PBXFileReference; lastKnownFileType = sourcecode.swift; path = FeaturedViewController.swift; sourceTree = "<group>"; };
		DEAFA5942453E32E0095B335 /* StoryViewController.swift */ = {isa = PBXFileReference; lastKnownFileType = sourcecode.swift; path = StoryViewController.swift; sourceTree = "<group>"; };
		DEDCC874241CD82500BFA165 /* BlockSubScriber.swift */ = {isa = PBXFileReference; lastKnownFileType = sourcecode.swift; path = BlockSubScriber.swift; sourceTree = "<group>"; };
		DEDCC887241DE26700BFA165 /* APIRequestProtocol.swift */ = {isa = PBXFileReference; lastKnownFileType = sourcecode.swift; path = APIRequestProtocol.swift; sourceTree = "<group>"; };
		DEDCC889241DE30500BFA165 /* APIRequest.swift */ = {isa = PBXFileReference; lastKnownFileType = sourcecode.swift; path = APIRequest.swift; sourceTree = "<group>"; };
		DEE0B70124541E2000B285BA /* ItemsScreenCoodinator.swift */ = {isa = PBXFileReference; lastKnownFileType = sourcecode.swift; path = ItemsScreenCoodinator.swift; sourceTree = "<group>"; };
		DEE0B70324541E2F00B285BA /* StoryScreenCoodinator.swift */ = {isa = PBXFileReference; lastKnownFileType = sourcecode.swift; path = StoryScreenCoodinator.swift; sourceTree = "<group>"; };
		DEE0B70524541E4700B285BA /* FeaturedScreenCoodinator.swift */ = {isa = PBXFileReference; lastKnownFileType = sourcecode.swift; path = FeaturedScreenCoodinator.swift; sourceTree = "<group>"; };
		DEE0B707245427BA00B285BA /* Search.storyboard */ = {isa = PBXFileReference; lastKnownFileType = file.storyboard; path = Search.storyboard; sourceTree = "<group>"; };
		DEE0B709245427E500B285BA /* SearchViewController.swift */ = {isa = PBXFileReference; lastKnownFileType = sourcecode.swift; path = SearchViewController.swift; sourceTree = "<group>"; };
		DEE0B70B245428B000B285BA /* SearchScreenCoodinator.swift */ = {isa = PBXFileReference; lastKnownFileType = sourcecode.swift; path = SearchScreenCoodinator.swift; sourceTree = "<group>"; };
		DEF5A22D244171FC00383473 /* RequestSigninUseCase.swift */ = {isa = PBXFileReference; lastKnownFileType = sourcecode.swift; path = RequestSigninUseCase.swift; sourceTree = "<group>"; };
		DEF5A22F244172F800383473 /* RequestSigninRepository.swift */ = {isa = PBXFileReference; lastKnownFileType = sourcecode.swift; path = RequestSigninRepository.swift; sourceTree = "<group>"; };
		DEF5A2312441743600383473 /* SigninAPIResponse.swift */ = {isa = PBXFileReference; lastKnownFileType = sourcecode.swift; path = SigninAPIResponse.swift; sourceTree = "<group>"; };
		DEF5A23524433E1C00383473 /* SignupViewModel.swift */ = {isa = PBXFileReference; lastKnownFileType = sourcecode.swift; path = SignupViewModel.swift; sourceTree = "<group>"; };
		DEF5A2372443435600383473 /* RequestSignupUseCase.swift */ = {isa = PBXFileReference; lastKnownFileType = sourcecode.swift; path = RequestSignupUseCase.swift; sourceTree = "<group>"; };
		DEF5A23B2443438A00383473 /* SignupScreenCoodinator.swift */ = {isa = PBXFileReference; lastKnownFileType = sourcecode.swift; path = SignupScreenCoodinator.swift; sourceTree = "<group>"; };
		DEF5A23D244343D400383473 /* SignupScreenValidator.swift */ = {isa = PBXFileReference; lastKnownFileType = sourcecode.swift; path = SignupScreenValidator.swift; sourceTree = "<group>"; };
		DEF5A23F244343F600383473 /* SignupScreenState.swift */ = {isa = PBXFileReference; lastKnownFileType = sourcecode.swift; path = SignupScreenState.swift; sourceTree = "<group>"; };
		DEF5A2412443440800383473 /* SignupScreenAction.swift */ = {isa = PBXFileReference; lastKnownFileType = sourcecode.swift; path = SignupScreenAction.swift; sourceTree = "<group>"; };
		DEF5A2432443442300383473 /* SignupScreenReducer.swift */ = {isa = PBXFileReference; lastKnownFileType = sourcecode.swift; path = SignupScreenReducer.swift; sourceTree = "<group>"; };
		DEF5A2452443443800383473 /* SignupScreenActionCreator.swift */ = {isa = PBXFileReference; lastKnownFileType = sourcecode.swift; path = SignupScreenActionCreator.swift; sourceTree = "<group>"; };
/* End PBXFileReference section */

/* Begin PBXFrameworksBuildPhase section */
		DEAA656223F3122F00C5232B /* Frameworks */ = {
			isa = PBXFrameworksBuildPhase;
			buildActionMask = 2147483647;
			files = (
				843036C4A231FCAC14A48314 /* Pods_VisualEffectTraceExample.framework in Frameworks */,
			);
			runOnlyForDeploymentPostprocessing = 0;
		};
		DEAA657823F3123100C5232B /* Frameworks */ = {
			isa = PBXFrameworksBuildPhase;
			buildActionMask = 2147483647;
			files = (
			);
			runOnlyForDeploymentPostprocessing = 0;
		};
		DEAA658323F3123100C5232B /* Frameworks */ = {
			isa = PBXFrameworksBuildPhase;
			buildActionMask = 2147483647;
			files = (
			);
			runOnlyForDeploymentPostprocessing = 0;
		};
/* End PBXFrameworksBuildPhase section */

/* Begin PBXGroup section */
		CFAB19F0F95865A6A378BCF6 /* Frameworks */ = {
			isa = PBXGroup;
			children = (
				2C93C463F55AF4FFC433D1E5 /* Pods_VisualEffectTraceExample.framework */,
			);
			name = Frameworks;
			sourceTree = "<group>";
		};
		DE0424E32402AF1D008DEF36 /* Response */ = {
			isa = PBXGroup;
			children = (
				DE0424E42402AF50008DEF36 /* AnnouncementAPIResponse.swift */,
				DEF5A2312441743600383473 /* SigninAPIResponse.swift */,
				DE9D4EFE24437611003439ED /* GeneralPostSuccessARIResponse.swift */,
			);
			path = Response;
			sourceTree = "<group>";
		};
		DE04C9C3244C985B00684BA1 /* Transition */ = {
			isa = PBXGroup;
			children = (
				DE04C9C5244C988800684BA1 /* ScreenTransition */,
				DE04C9C4244C987100684BA1 /* TransitioningDelegate */,
			);
			path = Transition;
			sourceTree = "<group>";
		};
		DE04C9C4244C987100684BA1 /* TransitioningDelegate */ = {
			isa = PBXGroup;
			children = (
				DE04C9C1244C943100684BA1 /* AnnouncementScreenTransitioningDelegate.swift */,
			);
			path = TransitioningDelegate;
			sourceTree = "<group>";
		};
		DE04C9C5244C988800684BA1 /* ScreenTransition */ = {
			isa = PBXGroup;
			children = (
				DE04C9BF244C76E100684BA1 /* AnnouncementScreenTransition.swift */,
			);
			path = ScreenTransition;
			sourceTree = "<group>";
		};
		DE2AB8972427A53C00335E4F /* DataSet */ = {
			isa = PBXGroup;
			children = (
				DE2AB8982427A55F00335E4F /* ProductionData */,
				DE2AB8B7242F7E9B00335E4F /* TestData */,
			);
			path = DataSet;
			sourceTree = "<group>";
		};
		DE2AB8982427A55F00335E4F /* ProductionData */ = {
			isa = PBXGroup;
			children = (
				DE2AB8992427A57000335E4F /* tutorial_data.json */,
			);
			path = ProductionData;
			sourceTree = "<group>";
		};
		DE2AB89B24282CCC00335E4F /* TutorialCollectionViewCell */ = {
			isa = PBXGroup;
			children = (
				DE84854324279DF800766098 /* TutorialCollectionViewCell.swift */,
				DE84854424279DF800766098 /* TutorialCollectionViewCell.xib */,
			);
			path = TutorialCollectionViewCell;
			sourceTree = "<group>";
		};
		DE2AB8A5242F2D8300335E4F /* State */ = {
			isa = PBXGroup;
			children = (
				DE2AB8C0242FEACA00335E4F /* AppState.swift */,
				DE2AB8C3242FEB5700335E4F /* BaseScreenState.swift */,
				DE634C3F2438CFB2004CA920 /* SigninScreenState.swift */,
				DEF5A23F244343F600383473 /* SignupScreenState.swift */,
			);
			path = State;
			sourceTree = "<group>";
		};
		DE2AB8A6242F2DFD00335E4F /* Middleware */ = {
			isa = PBXGroup;
			children = (
				DE2AB8C7242FEF8600335E4F /* ActionLoggingMiddleware.swift */,
			);
			path = Middleware;
			sourceTree = "<group>";
		};
		DE2AB8A7242F2E0700335E4F /* Actions */ = {
			isa = PBXGroup;
			children = (
				DE2AB8CD242FF0D300335E4F /* BaseScreenAction.swift */,
				DE634C412438D052004CA920 /* SigninScreenAction.swift */,
				DEF5A2412443440800383473 /* SignupScreenAction.swift */,
			);
			path = Actions;
			sourceTree = "<group>";
		};
		DE2AB8A8242F2E1300335E4F /* Reducers */ = {
			isa = PBXGroup;
			children = (
				DE2AB8C9242FF01100335E4F /* AppReducer.swift */,
				DE2AB8CB242FF07900335E4F /* BaseScreenReducer.swift */,
				DE634C452438D56B004CA920 /* SigninScreenReducer.swift */,
				DEF5A2432443442300383473 /* SignupScreenReducer.swift */,
			);
			path = Reducers;
			sourceTree = "<group>";
		};
		DE2AB8A9242F2E2100335E4F /* ActionCreators */ = {
			isa = PBXGroup;
			children = (
				DE2AB8CF242FF8A000335E4F /* BaseScreenActionCreator.swift */,
				DE634C432438D097004CA920 /* SigninScreenActionCreator.swift */,
				DEF5A2452443443800383473 /* SignupScreenActionCreator.swift */,
			);
			path = ActionCreators;
			sourceTree = "<group>";
		};
		DE2AB8AA242F36B900335E4F /* Coodinator */ = {
			isa = PBXGroup;
			children = (
				DE2AB8AB242F424800335E4F /* ScreenCoodinator.swift */,
				DEAFA5972453EA570095B335 /* Announcement */,
				DEAFA5992453EA890095B335 /* GlobalTabBar */,
				DEAFA59B2453EAB30095B335 /* GlobalTabBarContents */,
				DEAFA59A2453EA970095B335 /* Signup */,
				DEAFA5982453EA7E0095B335 /* Singin */,
				DEAFA5962453EA4B0095B335 /* Tutorial */,
			);
			path = Coodinator;
			sourceTree = "<group>";
		};
		DE2AB8AD242F4B3B00335E4F /* GlobalTabBar */ = {
			isa = PBXGroup;
			children = (
				DE1A5D63244FCD1C0065A11E /* GlobalTabBarController.swift */,
			);
			path = GlobalTabBar;
			sourceTree = "<group>";
		};
		DE2AB8AE242F4B6600335E4F /* Tutorial */ = {
			isa = PBXGroup;
			children = (
				DE84854724279E2200766098 /* TutorialViewController.swift */,
			);
			path = Tutorial;
			sourceTree = "<group>";
		};
		DE2AB8B6242F7E8200335E4F /* ViewModel */ = {
			isa = PBXGroup;
			children = (
				DE8485492427A43C00766098 /* TutorialViewModel.swift */,
				DE2AB8B8242F7EC200335E4F /* MainViewModel.swift */,
				DE634C492438ED41004CA920 /* SigninViewModel.swift */,
				DEF5A23524433E1C00383473 /* SignupViewModel.swift */,
				DE8E96562444C7480033375F /* AnnouncementViewModel.swift */,
			);
			path = ViewModel;
			sourceTree = "<group>";
		};
		DE2AB8B7242F7E9B00335E4F /* TestData */ = {
			isa = PBXGroup;
			children = (
			);
			path = TestData;
			sourceTree = "<group>";
		};
		DE3A9D25242636F60060FE30 /* InternalJsonEntity */ = {
			isa = PBXGroup;
			children = (
				DE84854B2427A48A00766098 /* TutorialEntity.swift */,
			);
			path = InternalJsonEntity;
			sourceTree = "<group>";
		};
		DE67D985243249E700EB2D61 /* Signin */ = {
			isa = PBXGroup;
			children = (
				DE67D98724324A3300EB2D61 /* SigninViewController.swift */,
			);
			path = Signin;
			sourceTree = "<group>";
		};
		DE67D986243249F000EB2D61 /* Signup */ = {
			isa = PBXGroup;
			children = (
				DE67D98924324A5900EB2D61 /* SignupViewController.swift */,
			);
			path = Signup;
			sourceTree = "<group>";
		};
		DE67D98F24338F0700EB2D61 /* FormTextFieldInputView */ = {
			isa = PBXGroup;
			children = (
				DE67D99224338F5E00EB2D61 /* FormInputTextFieldView.swift */,
				DE67D99024338F4100EB2D61 /* FormInputTextFieldView.xib */,
			);
			path = FormTextFieldInputView;
			sourceTree = "<group>";
		};
		DE726CB9243A99580043FA4E /* Context */ = {
			isa = PBXGroup;
			children = (
				DE04C9C3244C985B00684BA1 /* Transition */,
				DE726CBA243A99600043FA4E /* Validator */,
			);
			path = Context;
			sourceTree = "<group>";
		};
		DE726CBA243A99600043FA4E /* Validator */ = {
			isa = PBXGroup;
			children = (
				DE726CBD243AA47F0043FA4E /* Validator.swift */,
				DE726CBF243AB5310043FA4E /* CompositionalValidator.swift */,
				DE726CBB243AA3450043FA4E /* SigninScreenValidator.swift */,
				DEF5A23D244343D400383473 /* SignupScreenValidator.swift */,
			);
			path = Validator;
			sourceTree = "<group>";
		};
		DE84873D2425B32500A40975 /* KeychainManager */ = {
			isa = PBXGroup;
			children = (
				DE84873E2425B5D400A40975 /* KeychainAccessManager.swift */,
			);
			path = KeychainManager;
			sourceTree = "<group>";
		};
		DE8487442425E9E000A40975 /* DataTransfer */ = {
			isa = PBXGroup;
			children = (
				DEDCC886241DE23B00BFA165 /* Request */,
				DE0424E32402AF1D008DEF36 /* Response */,
			);
			path = DataTransfer;
			sourceTree = "<group>";
		};
		DE8E96552444C70F0033375F /* AnnoucementTableHeaderView */ = {
			isa = PBXGroup;
			children = (
				DE8E965E2444D1130033375F /* AnnoucementTableHeaderView.swift */,
				DE8E965C2444D1080033375F /* AnnoucementTableHeaderView.xib */,
			);
			path = AnnoucementTableHeaderView;
			sourceTree = "<group>";
		};
		DE9D4F0024449A60003439ED /* AnnoucementTableViewCell */ = {
			isa = PBXGroup;
			children = (
				DE9D4F0124449A91003439ED /* AnnouncementTableViewCell.swift */,
				DE9D4F0224449A91003439ED /* AnnouncementTableViewCell.xib */,
			);
			path = AnnoucementTableViewCell;
			sourceTree = "<group>";
		};
		DEA01C7A2400FE0E00346C1E /* Domain */ = {
			isa = PBXGroup;
			children = (
				DE8487442425E9E000A40975 /* DataTransfer */,
				DEA01C7D240103BA00346C1E /* Entity */,
				DEA01C7C240103AC00346C1E /* Repository */,
				DEDCC877241DCB8400BFA165 /* UseCase */,
			);
			path = Domain;
			sourceTree = "<group>";
		};
		DEA01C7C240103AC00346C1E /* Repository */ = {
			isa = PBXGroup;
			children = (
				DE2AB8A32429787B00335E4F /* TutorialDataRepository.swift */,
				DE2AB8BE242FCA1A00335E4F /* MainScreenRepository.swift */,
				DE634C3924361150004CA920 /* CurrentApplicationUserRepository.swift */,
				DEF5A22F244172F800383473 /* RequestSigninRepository.swift */,
				DE9D4EFC24437571003439ED /* RequestSignupRepository.swift */,
				DE8E965A2444C9E60033375F /* RequestAnnoucementDataRepository.swift */,
			);
			path = Repository;
			sourceTree = "<group>";
		};
		DEA01C7D240103BA00346C1E /* Entity */ = {
			isa = PBXGroup;
			children = (
				DE3A9D25242636F60060FE30 /* InternalJsonEntity */,
				DEAA65A123F70D3D00C5232B /* RealmEntity */,
				DEDCC88D241E2C3300BFA165 /* APIResponseEntity */,
			);
			path = Entity;
			sourceTree = "<group>";
		};
		DEAA655C23F3122F00C5232B = {
			isa = PBXGroup;
			children = (
				DEAA656723F3122F00C5232B /* VisualEffectTraceExample */,
				DEAA657E23F3123100C5232B /* VisualEffectTraceExampleTests */,
				DEAA658923F3123100C5232B /* VisualEffectTraceExampleUITests */,
				DEAA656623F3122F00C5232B /* Products */,
				E8F66E6433453D282DEF22BE /* Pods */,
				CFAB19F0F95865A6A378BCF6 /* Frameworks */,
			);
			sourceTree = "<group>";
		};
		DEAA656623F3122F00C5232B /* Products */ = {
			isa = PBXGroup;
			children = (
				DEAA656523F3122F00C5232B /* VisualEffectTraceExample.app */,
				DEAA657B23F3123100C5232B /* VisualEffectTraceExampleTests.xctest */,
				DEAA658623F3123100C5232B /* VisualEffectTraceExampleUITests.xctest */,
			);
			name = Products;
			sourceTree = "<group>";
		};
		DEAA656723F3122F00C5232B /* VisualEffectTraceExample */ = {
			isa = PBXGroup;
			children = (
				DEAA657623F3123100C5232B /* Info.plist */,
				DE8487402425E21D00A40975 /* AppConstants.swift */,
				DEAA656823F3122F00C5232B /* AppDelegate.swift */,
				DE2AB8C5242FEF1B00335E4F /* AppLogger.swift */,
				DEAA656A23F3122F00C5232B /* SceneDelegate.swift */,
				DEAA657123F3123100C5232B /* Assets.xcassets */,
				DE726CB9243A99580043FA4E /* Context */,
				DE2AB8AA242F36B900335E4F /* Coodinator */,
				DE2AB8972427A53C00335E4F /* DataSet */,
				DEA01C7A2400FE0E00346C1E /* Domain */,
				DEAA65A023F70D1400C5232B /* Enum */,
				DEAA659F23F70CF200C5232B /* Extension */,
				DEDCC88F242046E300BFA165 /* Infrastructure */,
				DEAA659D23F70CD900C5232B /* Modules */,
				DEAA659A23F70C8200C5232B /* Redux */,
				DEAA659923F70B8200C5232B /* Storyboard */,
				DEAA659E23F70CE400C5232B /* View */,
				DEAA659823F70B7700C5232B /* ViewController */,
				DE2AB8B6242F7E8200335E4F /* ViewModel */,
			);
			path = VisualEffectTraceExample;
			sourceTree = "<group>";
		};
		DEAA657E23F3123100C5232B /* VisualEffectTraceExampleTests */ = {
			isa = PBXGroup;
			children = (
				DEAA657F23F3123100C5232B /* VisualEffectTraceExampleTests.swift */,
				DEAA658123F3123100C5232B /* Info.plist */,
			);
			path = VisualEffectTraceExampleTests;
			sourceTree = "<group>";
		};
		DEAA658923F3123100C5232B /* VisualEffectTraceExampleUITests */ = {
			isa = PBXGroup;
			children = (
				DEAA658A23F3123100C5232B /* VisualEffectTraceExampleUITests.swift */,
				DEAA658C23F3123100C5232B /* Info.plist */,
			);
			path = VisualEffectTraceExampleUITests;
			sourceTree = "<group>";
		};
		DEAA659823F70B7700C5232B /* ViewController */ = {
			isa = PBXGroup;
			children = (
				DEAA656C23F3122F00C5232B /* MainViewController.swift */,
				DEDCC88E241E794F00BFA165 /* Announcement */,
				DE2AB8AD242F4B3B00335E4F /* GlobalTabBar */,
				DEDCC88C241DF16200BFA165 /* GlobalTabBarContents */,
				DE67D985243249E700EB2D61 /* Signin */,
				DE67D986243249F000EB2D61 /* Signup */,
				DE2AB8AE242F4B6600335E4F /* Tutorial */,
			);
			path = ViewController;
			sourceTree = "<group>";
		};
		DEAA659923F70B8200C5232B /* Storyboard */ = {
			isa = PBXGroup;
			children = (
				DEAA657323F3123100C5232B /* LaunchScreen.storyboard */,
				DEAA656E23F3122F00C5232B /* Main.storyboard */,
				DEAFA58A2453E2BB0095B335 /* Announcement */,
				DEAFA58E2453E2E60095B335 /* GlobalTabBar */,
				DEAFA58F2453E2EF0095B335 /* GlobalTabBarContents */,
				DEAFA58C2453E2CB0095B335 /* Signin */,
				DEAFA58B2453E2C40095B335 /* Signup */,
				DEAFA58D2453E2D60095B335 /* Tutorial */,
			);
			path = Storyboard;
			sourceTree = "<group>";
		};
		DEAA659A23F70C8200C5232B /* Redux */ = {
			isa = PBXGroup;
			children = (
				DE2AB8A7242F2E0700335E4F /* Actions */,
				DE2AB8A9242F2E2100335E4F /* ActionCreators */,
				DE2AB8A8242F2E1300335E4F /* Reducers */,
				DE2AB8A6242F2DFD00335E4F /* Middleware */,
				DE2AB8A5242F2D8300335E4F /* State */,
				DEDCC876241CF1FE00BFA165 /* BlockSubscriber */,
			);
			path = Redux;
			sourceTree = "<group>";
		};
		DEAA659D23F70CD900C5232B /* Modules */ = {
			isa = PBXGroup;
			children = (
				DEAA65A823F70E6900C5232B /* UILabelDecorator.swift */,
				DE2AB8D3243070B900335E4F /* UIWindowScanner.swift */,
			);
			path = Modules;
			sourceTree = "<group>";
		};
		DEAA659E23F70CE400C5232B /* View */ = {
			isa = PBXGroup;
			children = (
				DEAA65A223F70DEC00C5232B /* CustomViewBase.swift */,
				DE8E96552444C70F0033375F /* AnnoucementTableHeaderView */,
				DE9D4F0024449A60003439ED /* AnnoucementTableViewCell */,
				DE67D98F24338F0700EB2D61 /* FormTextFieldInputView */,
				DE2AB89B24282CCC00335E4F /* TutorialCollectionViewCell */,
			);
			path = View;
			sourceTree = "<group>";
		};
		DEAA659F23F70CF200C5232B /* Extension */ = {
			isa = PBXGroup;
			children = (
				DEAA65A423F70E2700C5232B /* NSObjectProtocolExtension.swift */,
				DEAA65A623F70E4600C5232B /* StoryboardInstantiatable.swift */,
				DEAA65B023F7289A00C5232B /* UICollectionViewExtension.swift */,
				DEAA65AA23F70E9C00C5232B /* UIColorExtension.swift */,
				DEAA65AE23F7288C00C5232B /* UITableViewExtension.swift */,
				DEAA65AC23F70EE900C5232B /* UIViewControllerExtension.swift */,
			);
			path = Extension;
			sourceTree = "<group>";
		};
		DEAA65A023F70D1400C5232B /* Enum */ = {
			isa = PBXGroup;
			children = (
				DE2AB8BC242FC69700335E4F /* ApplicationUserStatus.swift */,
				DE67D98D2433895300EB2D61 /* FormInputTextFieldStyle.swift */,
				DEAFA5822453D82C0095B335 /* TabBarItemsType.swift */,
			);
			path = Enum;
			sourceTree = "<group>";
		};
		DEAA65A123F70D3D00C5232B /* RealmEntity */ = {
			isa = PBXGroup;
			children = (
				DE8487452425FACD00A40975 /* ApplicationUserEntity.swift */,
			);
			path = RealmEntity;
			sourceTree = "<group>";
		};
		DEAA65B223F86E6800C5232B /* APIManager */ = {
			isa = PBXGroup;
			children = (
				DE14134723FB02A10000D27C /* APIRequestManager.swift */,
				DEDCC887241DE26700BFA165 /* APIRequestProtocol.swift */,
			);
			path = APIManager;
			sourceTree = "<group>";
		};
		DEAFA58A2453E2BB0095B335 /* Announcement */ = {
			isa = PBXGroup;
			children = (
				DE67D9802432372500EB2D61 /* Announcement.storyboard */,
			);
			path = Announcement;
			sourceTree = "<group>";
		};
		DEAFA58B2453E2C40095B335 /* Signup */ = {
			isa = PBXGroup;
			children = (
				DE67D97D2432370900EB2D61 /* Signup.storyboard */,
			);
			path = Signup;
			sourceTree = "<group>";
		};
		DEAFA58C2453E2CB0095B335 /* Signin */ = {
			isa = PBXGroup;
			children = (
				DE8FA1DB2432352D00577C47 /* Signin.storyboard */,
			);
			path = Signin;
			sourceTree = "<group>";
		};
		DEAFA58D2453E2D60095B335 /* Tutorial */ = {
			isa = PBXGroup;
			children = (
				DE84854024279D7D00766098 /* Tutorial.storyboard */,
			);
			path = Tutorial;
			sourceTree = "<group>";
		};
		DEAFA58E2453E2E60095B335 /* GlobalTabBar */ = {
			isa = PBXGroup;
			children = (
				DE1A5D60244FCC5E0065A11E /* GlobalTabBar.storyboard */,
			);
			path = GlobalTabBar;
			sourceTree = "<group>";
		};
		DEAFA58F2453E2EF0095B335 /* GlobalTabBarContents */ = {
			isa = PBXGroup;
			children = (
				DEAFA5842453E2850095B335 /* Items.storyboard */,
				DEE0B707245427BA00B285BA /* Search.storyboard */,
				DEAFA5862453E29D0095B335 /* Featured.storyboard */,
				DEAFA5882453E2A80095B335 /* Story.storyboard */,
			);
			path = GlobalTabBarContents;
			sourceTree = "<group>";
		};
		DEAFA5962453EA4B0095B335 /* Tutorial */ = {
			isa = PBXGroup;
			children = (
				DE2AB8B0242F4C3600335E4F /* TutorialScreenCoodinator.swift */,
			);
			path = Tutorial;
			sourceTree = "<group>";
		};
		DEAFA5972453EA570095B335 /* Announcement */ = {
			isa = PBXGroup;
			children = (
				DE8E96532444B9DE0033375F /* AnnouncementScreenCoodinator.swift */,
			);
			path = Announcement;
			sourceTree = "<group>";
		};
		DEAFA5982453EA7E0095B335 /* Singin */ = {
			isa = PBXGroup;
			children = (
				DE67D98B24324D7400EB2D61 /* SigninScreenCoodinator.swift */,
			);
			path = Singin;
			sourceTree = "<group>";
		};
		DEAFA5992453EA890095B335 /* GlobalTabBar */ = {
			isa = PBXGroup;
			children = (
				DE8084A62451DC2700641A22 /* GlobalTabBarScreenCoodinator.swift */,
			);
			path = GlobalTabBar;
			sourceTree = "<group>";
		};
		DEAFA59A2453EA970095B335 /* Signup */ = {
			isa = PBXGroup;
			children = (
				DEF5A23B2443438A00383473 /* SignupScreenCoodinator.swift */,
			);
			path = Signup;
			sourceTree = "<group>";
		};
		DEAFA59B2453EAB30095B335 /* GlobalTabBarContents */ = {
			isa = PBXGroup;
			children = (
				DEE0B70124541E2000B285BA /* ItemsScreenCoodinator.swift */,
				DEE0B70B245428B000B285BA /* SearchScreenCoodinator.swift */,
				DEE0B70524541E4700B285BA /* FeaturedScreenCoodinator.swift */,
				DEE0B70324541E2F00B285BA /* StoryScreenCoodinator.swift */,
			);
			path = GlobalTabBarContents;
			sourceTree = "<group>";
		};
		DEDCC876241CF1FE00BFA165 /* BlockSubscriber */ = {
			isa = PBXGroup;
			children = (
				DEDCC874241CD82500BFA165 /* BlockSubScriber.swift */,
			);
			path = BlockSubscriber;
			sourceTree = "<group>";
		};
		DEDCC877241DCB8400BFA165 /* UseCase */ = {
			isa = PBXGroup;
			children = (
				DE2AB89E242973A100335E4F /* GetTutorialDataUseCase.swift */,
				DE2AB8BA242FC5AB00335E4F /* HandleMainScreenUseCase.swift */,
				DE67D994243568A000EB2D61 /* UpdateCurrentApplicationUserStatusUsecase.swift */,
				DEF5A22D244171FC00383473 /* RequestSigninUseCase.swift */,
				DEF5A2372443435600383473 /* RequestSignupUseCase.swift */,
				DE8E96582444C9870033375F /* RequestAnnouncementDataUseCase.swift */,
			);
			path = UseCase;
			sourceTree = "<group>";
		};
		DEDCC886241DE23B00BFA165 /* Request */ = {
			isa = PBXGroup;
			children = (
				DEDCC889241DE30500BFA165 /* APIRequest.swift */,
			);
			path = Request;
			sourceTree = "<group>";
		};
		DEDCC88C241DF16200BFA165 /* GlobalTabBarContents */ = {
			isa = PBXGroup;
			children = (
				DEE0B70D2454419B00B285BA /* Items */,
				DEE0B70E245441A900B285BA /* Search */,
				DEE0B710245441BE00B285BA /* Story */,
				DEE0B70F245441B100B285BA /* Featured */,
			);
			path = GlobalTabBarContents;
			sourceTree = "<group>";
		};
		DEDCC88D241E2C3300BFA165 /* APIResponseEntity */ = {
			isa = PBXGroup;
			children = (
				DEA01C7E240107DC00346C1E /* AnnouncementEntity.swift */,
			);
			path = APIResponseEntity;
			sourceTree = "<group>";
		};
		DEDCC88E241E794F00BFA165 /* Announcement */ = {
			isa = PBXGroup;
			children = (
				DE67D983243246B300EB2D61 /* AnnouncementViewController.swift */,
			);
			path = Announcement;
			sourceTree = "<group>";
		};
		DEDCC88F242046E300BFA165 /* Infrastructure */ = {
			isa = PBXGroup;
			children = (
				DE84873D2425B32500A40975 /* KeychainManager */,
				DEDCC890242046F800BFA165 /* RealmManager */,
				DEAA65B223F86E6800C5232B /* APIManager */,
			);
			path = Infrastructure;
			sourceTree = "<group>";
		};
		DEDCC890242046F800BFA165 /* RealmManager */ = {
			isa = PBXGroup;
			children = (
				DE8487422425E81000A40975 /* RealmAccessManager.swift */,
			);
			path = RealmManager;
			sourceTree = "<group>";
		};
		DEE0B70D2454419B00B285BA /* Items */ = {
			isa = PBXGroup;
			children = (
				DEAFA5902453E3130095B335 /* ItemsViewController.swift */,
			);
			path = Items;
			sourceTree = "<group>";
		};
		DEE0B70E245441A900B285BA /* Search */ = {
			isa = PBXGroup;
			children = (
				DEE0B709245427E500B285BA /* SearchViewController.swift */,
			);
			path = Search;
			sourceTree = "<group>";
		};
		DEE0B70F245441B100B285BA /* Featured */ = {
			isa = PBXGroup;
			children = (
				DEAFA5922453E3230095B335 /* FeaturedViewController.swift */,
			);
			path = Featured;
			sourceTree = "<group>";
		};
		DEE0B710245441BE00B285BA /* Story */ = {
			isa = PBXGroup;
			children = (
				DEAFA5942453E32E0095B335 /* StoryViewController.swift */,
			);
			path = Story;
			sourceTree = "<group>";
		};
		E8F66E6433453D282DEF22BE /* Pods */ = {
			isa = PBXGroup;
			children = (
				1C8C1B8206245010E05842E0 /* Pods-VisualEffectTraceExample.debug.xcconfig */,
				3AFA8542E8A9AD89F4086318 /* Pods-VisualEffectTraceExample.release.xcconfig */,
			);
			path = Pods;
			sourceTree = "<group>";
		};
/* End PBXGroup section */

/* Begin PBXNativeTarget section */
		DEAA656423F3122F00C5232B /* VisualEffectTraceExample */ = {
			isa = PBXNativeTarget;
			buildConfigurationList = DEAA658F23F3123100C5232B /* Build configuration list for PBXNativeTarget "VisualEffectTraceExample" */;
			buildPhases = (
				C13CF6088D8E4975EF53E1BA /* [CP] Check Pods Manifest.lock */,
				DEAA656123F3122F00C5232B /* Sources */,
				DEAA656223F3122F00C5232B /* Frameworks */,
				DEAA656323F3122F00C5232B /* Resources */,
				12E50A3F9FE80170A28F0B28 /* [CP] Embed Pods Frameworks */,
			);
			buildRules = (
			);
			dependencies = (
			);
			name = VisualEffectTraceExample;
			productName = VisualEffectTraceExample;
			productReference = DEAA656523F3122F00C5232B /* VisualEffectTraceExample.app */;
			productType = "com.apple.product-type.application";
		};
		DEAA657A23F3123100C5232B /* VisualEffectTraceExampleTests */ = {
			isa = PBXNativeTarget;
			buildConfigurationList = DEAA659223F3123100C5232B /* Build configuration list for PBXNativeTarget "VisualEffectTraceExampleTests" */;
			buildPhases = (
				DEAA657723F3123100C5232B /* Sources */,
				DEAA657823F3123100C5232B /* Frameworks */,
				DEAA657923F3123100C5232B /* Resources */,
			);
			buildRules = (
			);
			dependencies = (
				DEAA657D23F3123100C5232B /* PBXTargetDependency */,
			);
			name = VisualEffectTraceExampleTests;
			productName = VisualEffectTraceExampleTests;
			productReference = DEAA657B23F3123100C5232B /* VisualEffectTraceExampleTests.xctest */;
			productType = "com.apple.product-type.bundle.unit-test";
		};
		DEAA658523F3123100C5232B /* VisualEffectTraceExampleUITests */ = {
			isa = PBXNativeTarget;
			buildConfigurationList = DEAA659523F3123100C5232B /* Build configuration list for PBXNativeTarget "VisualEffectTraceExampleUITests" */;
			buildPhases = (
				DEAA658223F3123100C5232B /* Sources */,
				DEAA658323F3123100C5232B /* Frameworks */,
				DEAA658423F3123100C5232B /* Resources */,
			);
			buildRules = (
			);
			dependencies = (
				DEAA658823F3123100C5232B /* PBXTargetDependency */,
			);
			name = VisualEffectTraceExampleUITests;
			productName = VisualEffectTraceExampleUITests;
			productReference = DEAA658623F3123100C5232B /* VisualEffectTraceExampleUITests.xctest */;
			productType = "com.apple.product-type.bundle.ui-testing";
		};
/* End PBXNativeTarget section */

/* Begin PBXProject section */
		DEAA655D23F3122F00C5232B /* Project object */ = {
			isa = PBXProject;
			attributes = {
				LastSwiftUpdateCheck = 1110;
				LastUpgradeCheck = 1110;
				ORGANIZATIONNAME = "酒井文也";
				TargetAttributes = {
					DEAA656423F3122F00C5232B = {
						CreatedOnToolsVersion = 11.1;
					};
					DEAA657A23F3123100C5232B = {
						CreatedOnToolsVersion = 11.1;
						TestTargetID = DEAA656423F3122F00C5232B;
					};
					DEAA658523F3123100C5232B = {
						CreatedOnToolsVersion = 11.1;
						TestTargetID = DEAA656423F3122F00C5232B;
					};
				};
			};
			buildConfigurationList = DEAA656023F3122F00C5232B /* Build configuration list for PBXProject "VisualEffectTraceExample" */;
			compatibilityVersion = "Xcode 9.3";
			developmentRegion = en;
			hasScannedForEncodings = 0;
			knownRegions = (
				en,
				Base,
			);
			mainGroup = DEAA655C23F3122F00C5232B;
			productRefGroup = DEAA656623F3122F00C5232B /* Products */;
			projectDirPath = "";
			projectRoot = "";
			targets = (
				DEAA656423F3122F00C5232B /* VisualEffectTraceExample */,
				DEAA657A23F3123100C5232B /* VisualEffectTraceExampleTests */,
				DEAA658523F3123100C5232B /* VisualEffectTraceExampleUITests */,
			);
		};
/* End PBXProject section */

/* Begin PBXResourcesBuildPhase section */
		DEAA656323F3122F00C5232B /* Resources */ = {
			isa = PBXResourcesBuildPhase;
			buildActionMask = 2147483647;
			files = (
				DE1A5D62244FCC5E0065A11E /* GlobalTabBar.storyboard in Resources */,
				DEAA657523F3123100C5232B /* LaunchScreen.storyboard in Resources */,
				DE67D9822432372500EB2D61 /* Announcement.storyboard in Resources */,
				DE9D4F0424449A91003439ED /* AnnouncementTableViewCell.xib in Resources */,
				DEAA657223F3123100C5232B /* Assets.xcassets in Resources */,
				DE8E965D2444D1080033375F /* AnnoucementTableHeaderView.xib in Resources */,
				DEAFA5872453E29D0095B335 /* Featured.storyboard in Resources */,
				DE8FA1DD2432352D00577C47 /* Signin.storyboard in Resources */,
				DEAFA5892453E2A80095B335 /* Story.storyboard in Resources */,
				DE84854224279D7D00766098 /* Tutorial.storyboard in Resources */,
				DE67D99124338F4100EB2D61 /* FormInputTextFieldView.xib in Resources */,
				DE2AB89A2427A57000335E4F /* tutorial_data.json in Resources */,
				DEAA657023F3122F00C5232B /* Main.storyboard in Resources */,
				DE67D97F2432370900EB2D61 /* Signup.storyboard in Resources */,
				DE84854624279DF800766098 /* TutorialCollectionViewCell.xib in Resources */,
				DEE0B708245427BA00B285BA /* Search.storyboard in Resources */,
				DEAFA5852453E2850095B335 /* Items.storyboard in Resources */,
			);
			runOnlyForDeploymentPostprocessing = 0;
		};
		DEAA657923F3123100C5232B /* Resources */ = {
			isa = PBXResourcesBuildPhase;
			buildActionMask = 2147483647;
			files = (
			);
			runOnlyForDeploymentPostprocessing = 0;
		};
		DEAA658423F3123100C5232B /* Resources */ = {
			isa = PBXResourcesBuildPhase;
			buildActionMask = 2147483647;
			files = (
			);
			runOnlyForDeploymentPostprocessing = 0;
		};
/* End PBXResourcesBuildPhase section */

/* Begin PBXShellScriptBuildPhase section */
		12E50A3F9FE80170A28F0B28 /* [CP] Embed Pods Frameworks */ = {
			isa = PBXShellScriptBuildPhase;
			buildActionMask = 2147483647;
			files = (
			);
			inputFileListPaths = (
				"${PODS_ROOT}/Target Support Files/Pods-VisualEffectTraceExample/Pods-VisualEffectTraceExample-frameworks-${CONFIGURATION}-input-files.xcfilelist",
			);
			name = "[CP] Embed Pods Frameworks";
			outputFileListPaths = (
				"${PODS_ROOT}/Target Support Files/Pods-VisualEffectTraceExample/Pods-VisualEffectTraceExample-frameworks-${CONFIGURATION}-output-files.xcfilelist",
			);
			runOnlyForDeploymentPostprocessing = 0;
			shellPath = /bin/sh;
			shellScript = "\"${PODS_ROOT}/Target Support Files/Pods-VisualEffectTraceExample/Pods-VisualEffectTraceExample-frameworks.sh\"\n";
			showEnvVarsInLog = 0;
		};
		C13CF6088D8E4975EF53E1BA /* [CP] Check Pods Manifest.lock */ = {
			isa = PBXShellScriptBuildPhase;
			buildActionMask = 2147483647;
			files = (
			);
			inputFileListPaths = (
			);
			inputPaths = (
				"${PODS_PODFILE_DIR_PATH}/Podfile.lock",
				"${PODS_ROOT}/Manifest.lock",
			);
			name = "[CP] Check Pods Manifest.lock";
			outputFileListPaths = (
			);
			outputPaths = (
				"$(DERIVED_FILE_DIR)/Pods-VisualEffectTraceExample-checkManifestLockResult.txt",
			);
			runOnlyForDeploymentPostprocessing = 0;
			shellPath = /bin/sh;
			shellScript = "diff \"${PODS_PODFILE_DIR_PATH}/Podfile.lock\" \"${PODS_ROOT}/Manifest.lock\" > /dev/null\nif [ $? != 0 ] ; then\n    # print error to STDERR\n    echo \"error: The sandbox is not in sync with the Podfile.lock. Run 'pod install' or update your CocoaPods installation.\" >&2\n    exit 1\nfi\n# This output is used by Xcode 'outputs' to avoid re-running this script phase.\necho \"SUCCESS\" > \"${SCRIPT_OUTPUT_FILE_0}\"\n";
			showEnvVarsInLog = 0;
		};
/* End PBXShellScriptBuildPhase section */

/* Begin PBXSourcesBuildPhase section */
		DEAA656123F3122F00C5232B /* Sources */ = {
			isa = PBXSourcesBuildPhase;
			buildActionMask = 2147483647;
			files = (
				DE634C442438D097004CA920 /* SigninScreenActionCreator.swift in Sources */,
				DE8E96542444B9DE0033375F /* AnnouncementScreenCoodinator.swift in Sources */,
				DE2AB8BF242FCA1A00335E4F /* MainScreenRepository.swift in Sources */,
				DEE0B70624541E4700B285BA /* FeaturedScreenCoodinator.swift in Sources */,
				DE84854524279DF800766098 /* TutorialCollectionViewCell.swift in Sources */,
				DE2AB8CE242FF0D300335E4F /* BaseScreenAction.swift in Sources */,
				DE634C3A24361150004CA920 /* CurrentApplicationUserRepository.swift in Sources */,
				DE2AB8AC242F424800335E4F /* ScreenCoodinator.swift in Sources */,
				DE2AB8B1242F4C3600335E4F /* TutorialScreenCoodinator.swift in Sources */,
				DE04C9C2244C943100684BA1 /* AnnouncementScreenTransitioningDelegate.swift in Sources */,
				DE67D98E2433895300EB2D61 /* FormInputTextFieldStyle.swift in Sources */,
				DEE0B70224541E2000B285BA /* ItemsScreenCoodinator.swift in Sources */,
				DEAFA5932453E3230095B335 /* FeaturedViewController.swift in Sources */,
				DE634C462438D56B004CA920 /* SigninScreenReducer.swift in Sources */,
				DE634C402438CFB2004CA920 /* SigninScreenState.swift in Sources */,
				DE2AB8C8242FEF8700335E4F /* ActionLoggingMiddleware.swift in Sources */,
				DE8487412425E21D00A40975 /* AppConstants.swift in Sources */,
				DEF5A23624433E1C00383473 /* SignupViewModel.swift in Sources */,
				DEDCC88A241DE30500BFA165 /* APIRequest.swift in Sources */,
				DE2AB8B9242F7EC200335E4F /* MainViewModel.swift in Sources */,
				DEF5A2422443440800383473 /* SignupScreenAction.swift in Sources */,
				DE14134823FB02A10000D27C /* APIRequestManager.swift in Sources */,
				DEF5A2382443435600383473 /* RequestSignupUseCase.swift in Sources */,
				DE2AB89F242973A100335E4F /* GetTutorialDataUseCase.swift in Sources */,
				DE9D4EFD24437571003439ED /* RequestSignupRepository.swift in Sources */,
				DEF5A2442443442300383473 /* SignupScreenReducer.swift in Sources */,
				DEA01C7F240107DC00346C1E /* AnnouncementEntity.swift in Sources */,
				DE2AB8BD242FC69700335E4F /* ApplicationUserStatus.swift in Sources */,
				DE2AB8D0242FF8A000335E4F /* BaseScreenActionCreator.swift in Sources */,
				DEE0B70C245428B000B285BA /* SearchScreenCoodinator.swift in Sources */,
				DE67D99324338F5E00EB2D61 /* FormInputTextFieldView.swift in Sources */,
				DEAA65B123F7289A00C5232B /* UICollectionViewExtension.swift in Sources */,
				DEAA65A923F70E6900C5232B /* UILabelDecorator.swift in Sources */,
				DE67D984243246B300EB2D61 /* AnnouncementViewController.swift in Sources */,
				DEAA65AF23F7288C00C5232B /* UITableViewExtension.swift in Sources */,
				DEF5A2462443443800383473 /* SignupScreenActionCreator.swift in Sources */,
				DEAA65A323F70DEC00C5232B /* CustomViewBase.swift in Sources */,
				DE2AB8C6242FEF1B00335E4F /* AppLogger.swift in Sources */,
				DE2AB8C4242FEB5700335E4F /* BaseScreenState.swift in Sources */,
				DE9D4EFF24437611003439ED /* GeneralPostSuccessARIResponse.swift in Sources */,
				DEF5A240244343F600383473 /* SignupScreenState.swift in Sources */,
				DE8E965F2444D1130033375F /* AnnoucementTableHeaderView.swift in Sources */,
				DE2AB8BB242FC5AB00335E4F /* HandleMainScreenUseCase.swift in Sources */,
				DEAA65AD23F70EE900C5232B /* UIViewControllerExtension.swift in Sources */,
				DE726CBE243AA47F0043FA4E /* Validator.swift in Sources */,
				DEF5A23E244343D400383473 /* SignupScreenValidator.swift in Sources */,
				DE8084A72451DC2700641A22 /* GlobalTabBarScreenCoodinator.swift in Sources */,
				DE84854A2427A43C00766098 /* TutorialViewModel.swift in Sources */,
				DEE0B70A245427E500B285BA /* SearchViewController.swift in Sources */,
				DE67D98824324A3300EB2D61 /* SigninViewController.swift in Sources */,
				DEF5A23C2443438A00383473 /* SignupScreenCoodinator.swift in Sources */,
				DE8E96572444C7480033375F /* AnnouncementViewModel.swift in Sources */,
				DEF5A2322441743600383473 /* SigninAPIResponse.swift in Sources */,
				DE8E96592444C9870033375F /* RequestAnnouncementDataUseCase.swift in Sources */,
				DEAFA5952453E32E0095B335 /* StoryViewController.swift in Sources */,
				DE04C9C0244C76E100684BA1 /* AnnouncementScreenTransition.swift in Sources */,
				DEAA656D23F3122F00C5232B /* MainViewController.swift in Sources */,
				DE634C4A2438ED41004CA920 /* SigninViewModel.swift in Sources */,
				DE84854824279E2200766098 /* TutorialViewController.swift in Sources */,
				DE67D98C24324D7400EB2D61 /* SigninScreenCoodinator.swift in Sources */,
				DE67D995243568A000EB2D61 /* UpdateCurrentApplicationUserStatusUsecase.swift in Sources */,
				DE67D98A24324A5900EB2D61 /* SignupViewController.swift in Sources */,
				DEE0B70424541E2F00B285BA /* StoryScreenCoodinator.swift in Sources */,
				DEDCC888241DE26700BFA165 /* APIRequestProtocol.swift in Sources */,
				DEAFA5912453E3130095B335 /* ItemsViewController.swift in Sources */,
				DE1A5D64244FCD1C0065A11E /* GlobalTabBarController.swift in Sources */,
				DEAA65AB23F70E9C00C5232B /* UIColorExtension.swift in Sources */,
				DEAA656923F3122F00C5232B /* AppDelegate.swift in Sources */,
				DE634C422438D052004CA920 /* SigninScreenAction.swift in Sources */,
				DE2AB8D4243070B900335E4F /* UIWindowScanner.swift in Sources */,
				DE2AB8C1242FEACA00335E4F /* AppState.swift in Sources */,
				DEF5A22E244171FC00383473 /* RequestSigninUseCase.swift in Sources */,
				DE9D4F0324449A91003439ED /* AnnouncementTableViewCell.swift in Sources */,
				DEF5A230244172F800383473 /* RequestSigninRepository.swift in Sources */,
				DEAA65A723F70E4600C5232B /* StoryboardInstantiatable.swift in Sources */,
				DE726CBC243AA3450043FA4E /* SigninScreenValidator.swift in Sources */,
				DE84873F2425B5D400A40975 /* KeychainAccessManager.swift in Sources */,
				DEAA656B23F3122F00C5232B /* SceneDelegate.swift in Sources */,
				DEDCC875241CD82500BFA165 /* BlockSubScriber.swift in Sources */,
				DE8487432425E81000A40975 /* RealmAccessManager.swift in Sources */,
				DEAFA5832453D82C0095B335 /* TabBarItemsType.swift in Sources */,
				DE2AB8A42429787B00335E4F /* TutorialDataRepository.swift in Sources */,
				DE8487462425FACD00A40975 /* ApplicationUserEntity.swift in Sources */,
				DEAA65A523F70E2700C5232B /* NSObjectProtocolExtension.swift in Sources */,
				DE84854C2427A48A00766098 /* TutorialEntity.swift in Sources */,
				DE8E965B2444C9E60033375F /* RequestAnnoucementDataRepository.swift in Sources */,
				DE726CC0243AB5310043FA4E /* CompositionalValidator.swift in Sources */,
				DE2AB8CA242FF01100335E4F /* AppReducer.swift in Sources */,
				DE0424E52402AF50008DEF36 /* AnnouncementAPIResponse.swift in Sources */,
				DE2AB8CC242FF07900335E4F /* BaseScreenReducer.swift in Sources */,
			);
			runOnlyForDeploymentPostprocessing = 0;
		};
		DEAA657723F3123100C5232B /* Sources */ = {
			isa = PBXSourcesBuildPhase;
			buildActionMask = 2147483647;
			files = (
				DEAA658023F3123100C5232B /* VisualEffectTraceExampleTests.swift in Sources */,
			);
			runOnlyForDeploymentPostprocessing = 0;
		};
		DEAA658223F3123100C5232B /* Sources */ = {
			isa = PBXSourcesBuildPhase;
			buildActionMask = 2147483647;
			files = (
				DEAA658B23F3123100C5232B /* VisualEffectTraceExampleUITests.swift in Sources */,
			);
			runOnlyForDeploymentPostprocessing = 0;
		};
/* End PBXSourcesBuildPhase section */

/* Begin PBXTargetDependency section */
		DEAA657D23F3123100C5232B /* PBXTargetDependency */ = {
			isa = PBXTargetDependency;
			target = DEAA656423F3122F00C5232B /* VisualEffectTraceExample */;
			targetProxy = DEAA657C23F3123100C5232B /* PBXContainerItemProxy */;
		};
		DEAA658823F3123100C5232B /* PBXTargetDependency */ = {
			isa = PBXTargetDependency;
			target = DEAA656423F3122F00C5232B /* VisualEffectTraceExample */;
			targetProxy = DEAA658723F3123100C5232B /* PBXContainerItemProxy */;
		};
/* End PBXTargetDependency section */

/* Begin PBXVariantGroup section */
		DE1A5D60244FCC5E0065A11E /* GlobalTabBar.storyboard */ = {
			isa = PBXVariantGroup;
			children = (
				DE1A5D61244FCC5E0065A11E /* Base */,
			);
			name = GlobalTabBar.storyboard;
			sourceTree = "<group>";
		};
		DE67D97D2432370900EB2D61 /* Signup.storyboard */ = {
			isa = PBXVariantGroup;
			children = (
				DE67D97E2432370900EB2D61 /* Base */,
			);
			name = Signup.storyboard;
			sourceTree = "<group>";
		};
		DE67D9802432372500EB2D61 /* Announcement.storyboard */ = {
			isa = PBXVariantGroup;
			children = (
				DE67D9812432372500EB2D61 /* Base */,
			);
			name = Announcement.storyboard;
			sourceTree = "<group>";
		};
		DE84854024279D7D00766098 /* Tutorial.storyboard */ = {
			isa = PBXVariantGroup;
			children = (
				DE84854124279D7D00766098 /* Base */,
			);
			name = Tutorial.storyboard;
			sourceTree = "<group>";
		};
		DE8FA1DB2432352D00577C47 /* Signin.storyboard */ = {
			isa = PBXVariantGroup;
			children = (
				DE8FA1DC2432352D00577C47 /* Base */,
			);
			name = Signin.storyboard;
			sourceTree = "<group>";
		};
		DEAA656E23F3122F00C5232B /* Main.storyboard */ = {
			isa = PBXVariantGroup;
			children = (
				DEAA656F23F3122F00C5232B /* Base */,
			);
			name = Main.storyboard;
			sourceTree = "<group>";
		};
		DEAA657323F3123100C5232B /* LaunchScreen.storyboard */ = {
			isa = PBXVariantGroup;
			children = (
				DEAA657423F3123100C5232B /* Base */,
			);
			name = LaunchScreen.storyboard;
			sourceTree = "<group>";
		};
/* End PBXVariantGroup section */

/* Begin XCBuildConfiguration section */
		DEAA658D23F3123100C5232B /* Debug */ = {
			isa = XCBuildConfiguration;
			buildSettings = {
				ALWAYS_SEARCH_USER_PATHS = NO;
				CLANG_ANALYZER_NONNULL = YES;
				CLANG_ANALYZER_NUMBER_OBJECT_CONVERSION = YES_AGGRESSIVE;
				CLANG_CXX_LANGUAGE_STANDARD = "gnu++14";
				CLANG_CXX_LIBRARY = "libc++";
				CLANG_ENABLE_MODULES = YES;
				CLANG_ENABLE_OBJC_ARC = YES;
				CLANG_ENABLE_OBJC_WEAK = YES;
				CLANG_WARN_BLOCK_CAPTURE_AUTORELEASING = YES;
				CLANG_WARN_BOOL_CONVERSION = YES;
				CLANG_WARN_COMMA = YES;
				CLANG_WARN_CONSTANT_CONVERSION = YES;
				CLANG_WARN_DEPRECATED_OBJC_IMPLEMENTATIONS = YES;
				CLANG_WARN_DIRECT_OBJC_ISA_USAGE = YES_ERROR;
				CLANG_WARN_DOCUMENTATION_COMMENTS = YES;
				CLANG_WARN_EMPTY_BODY = YES;
				CLANG_WARN_ENUM_CONVERSION = YES;
				CLANG_WARN_INFINITE_RECURSION = YES;
				CLANG_WARN_INT_CONVERSION = YES;
				CLANG_WARN_NON_LITERAL_NULL_CONVERSION = YES;
				CLANG_WARN_OBJC_IMPLICIT_RETAIN_SELF = YES;
				CLANG_WARN_OBJC_LITERAL_CONVERSION = YES;
				CLANG_WARN_OBJC_ROOT_CLASS = YES_ERROR;
				CLANG_WARN_RANGE_LOOP_ANALYSIS = YES;
				CLANG_WARN_STRICT_PROTOTYPES = YES;
				CLANG_WARN_SUSPICIOUS_MOVE = YES;
				CLANG_WARN_UNGUARDED_AVAILABILITY = YES_AGGRESSIVE;
				CLANG_WARN_UNREACHABLE_CODE = YES;
				CLANG_WARN__DUPLICATE_METHOD_MATCH = YES;
				COPY_PHASE_STRIP = NO;
				DEBUG_INFORMATION_FORMAT = dwarf;
				ENABLE_STRICT_OBJC_MSGSEND = YES;
				ENABLE_TESTABILITY = YES;
				GCC_C_LANGUAGE_STANDARD = gnu11;
				GCC_DYNAMIC_NO_PIC = NO;
				GCC_NO_COMMON_BLOCKS = YES;
				GCC_OPTIMIZATION_LEVEL = 0;
				GCC_PREPROCESSOR_DEFINITIONS = (
					"DEBUG=1",
					"$(inherited)",
				);
				GCC_WARN_64_TO_32_BIT_CONVERSION = YES;
				GCC_WARN_ABOUT_RETURN_TYPE = YES_ERROR;
				GCC_WARN_UNDECLARED_SELECTOR = YES;
				GCC_WARN_UNINITIALIZED_AUTOS = YES_AGGRESSIVE;
				GCC_WARN_UNUSED_FUNCTION = YES;
				GCC_WARN_UNUSED_VARIABLE = YES;
				IPHONEOS_DEPLOYMENT_TARGET = 13.1;
				MTL_ENABLE_DEBUG_INFO = INCLUDE_SOURCE;
				MTL_FAST_MATH = YES;
				ONLY_ACTIVE_ARCH = YES;
				SDKROOT = iphoneos;
				SWIFT_ACTIVE_COMPILATION_CONDITIONS = DEBUG;
				SWIFT_OPTIMIZATION_LEVEL = "-Onone";
			};
			name = Debug;
		};
		DEAA658E23F3123100C5232B /* Release */ = {
			isa = XCBuildConfiguration;
			buildSettings = {
				ALWAYS_SEARCH_USER_PATHS = NO;
				CLANG_ANALYZER_NONNULL = YES;
				CLANG_ANALYZER_NUMBER_OBJECT_CONVERSION = YES_AGGRESSIVE;
				CLANG_CXX_LANGUAGE_STANDARD = "gnu++14";
				CLANG_CXX_LIBRARY = "libc++";
				CLANG_ENABLE_MODULES = YES;
				CLANG_ENABLE_OBJC_ARC = YES;
				CLANG_ENABLE_OBJC_WEAK = YES;
				CLANG_WARN_BLOCK_CAPTURE_AUTORELEASING = YES;
				CLANG_WARN_BOOL_CONVERSION = YES;
				CLANG_WARN_COMMA = YES;
				CLANG_WARN_CONSTANT_CONVERSION = YES;
				CLANG_WARN_DEPRECATED_OBJC_IMPLEMENTATIONS = YES;
				CLANG_WARN_DIRECT_OBJC_ISA_USAGE = YES_ERROR;
				CLANG_WARN_DOCUMENTATION_COMMENTS = YES;
				CLANG_WARN_EMPTY_BODY = YES;
				CLANG_WARN_ENUM_CONVERSION = YES;
				CLANG_WARN_INFINITE_RECURSION = YES;
				CLANG_WARN_INT_CONVERSION = YES;
				CLANG_WARN_NON_LITERAL_NULL_CONVERSION = YES;
				CLANG_WARN_OBJC_IMPLICIT_RETAIN_SELF = YES;
				CLANG_WARN_OBJC_LITERAL_CONVERSION = YES;
				CLANG_WARN_OBJC_ROOT_CLASS = YES_ERROR;
				CLANG_WARN_RANGE_LOOP_ANALYSIS = YES;
				CLANG_WARN_STRICT_PROTOTYPES = YES;
				CLANG_WARN_SUSPICIOUS_MOVE = YES;
				CLANG_WARN_UNGUARDED_AVAILABILITY = YES_AGGRESSIVE;
				CLANG_WARN_UNREACHABLE_CODE = YES;
				CLANG_WARN__DUPLICATE_METHOD_MATCH = YES;
				COPY_PHASE_STRIP = NO;
				DEBUG_INFORMATION_FORMAT = "dwarf-with-dsym";
				ENABLE_NS_ASSERTIONS = NO;
				ENABLE_STRICT_OBJC_MSGSEND = YES;
				GCC_C_LANGUAGE_STANDARD = gnu11;
				GCC_NO_COMMON_BLOCKS = YES;
				GCC_WARN_64_TO_32_BIT_CONVERSION = YES;
				GCC_WARN_ABOUT_RETURN_TYPE = YES_ERROR;
				GCC_WARN_UNDECLARED_SELECTOR = YES;
				GCC_WARN_UNINITIALIZED_AUTOS = YES_AGGRESSIVE;
				GCC_WARN_UNUSED_FUNCTION = YES;
				GCC_WARN_UNUSED_VARIABLE = YES;
				IPHONEOS_DEPLOYMENT_TARGET = 13.1;
				MTL_ENABLE_DEBUG_INFO = NO;
				MTL_FAST_MATH = YES;
				SDKROOT = iphoneos;
				SWIFT_COMPILATION_MODE = wholemodule;
				SWIFT_OPTIMIZATION_LEVEL = "-O";
				VALIDATE_PRODUCT = YES;
			};
			name = Release;
		};
		DEAA659023F3123100C5232B /* Debug */ = {
			isa = XCBuildConfiguration;
			baseConfigurationReference = 1C8C1B8206245010E05842E0 /* Pods-VisualEffectTraceExample.debug.xcconfig */;
			buildSettings = {
				ASSETCATALOG_COMPILER_APPICON_NAME = AppIcon;
				CODE_SIGN_STYLE = Automatic;
				DEVELOPMENT_TEAM = S5BF5553KY;
				INFOPLIST_FILE = VisualEffectTraceExample/Info.plist;
				LD_RUNPATH_SEARCH_PATHS = (
					"$(inherited)",
					"@executable_path/Frameworks",
				);
				PRODUCT_BUNDLE_IDENTIFIER = com.just1factory.VisualEffectTraceExample;
				PRODUCT_NAME = "$(TARGET_NAME)";
				SWIFT_VERSION = 5.0;
				TARGETED_DEVICE_FAMILY = "1,2";
			};
			name = Debug;
		};
		DEAA659123F3123100C5232B /* Release */ = {
			isa = XCBuildConfiguration;
			baseConfigurationReference = 3AFA8542E8A9AD89F4086318 /* Pods-VisualEffectTraceExample.release.xcconfig */;
			buildSettings = {
				ASSETCATALOG_COMPILER_APPICON_NAME = AppIcon;
				CODE_SIGN_STYLE = Automatic;
				DEVELOPMENT_TEAM = S5BF5553KY;
				INFOPLIST_FILE = VisualEffectTraceExample/Info.plist;
				LD_RUNPATH_SEARCH_PATHS = (
					"$(inherited)",
					"@executable_path/Frameworks",
				);
				PRODUCT_BUNDLE_IDENTIFIER = com.just1factory.VisualEffectTraceExample;
				PRODUCT_NAME = "$(TARGET_NAME)";
				SWIFT_VERSION = 5.0;
				TARGETED_DEVICE_FAMILY = "1,2";
			};
			name = Release;
		};
		DEAA659323F3123100C5232B /* Debug */ = {
			isa = XCBuildConfiguration;
			buildSettings = {
				ALWAYS_EMBED_SWIFT_STANDARD_LIBRARIES = YES;
				BUNDLE_LOADER = "$(TEST_HOST)";
				CODE_SIGN_STYLE = Automatic;
				DEVELOPMENT_TEAM = S5BF5553KY;
				INFOPLIST_FILE = VisualEffectTraceExampleTests/Info.plist;
				IPHONEOS_DEPLOYMENT_TARGET = 13.1;
				LD_RUNPATH_SEARCH_PATHS = (
					"$(inherited)",
					"@executable_path/Frameworks",
					"@loader_path/Frameworks",
				);
				PRODUCT_BUNDLE_IDENTIFIER = com.just1factory.VisualEffectTraceExampleTests;
				PRODUCT_NAME = "$(TARGET_NAME)";
				SWIFT_VERSION = 5.0;
				TARGETED_DEVICE_FAMILY = "1,2";
				TEST_HOST = "$(BUILT_PRODUCTS_DIR)/VisualEffectTraceExample.app/VisualEffectTraceExample";
			};
			name = Debug;
		};
		DEAA659423F3123100C5232B /* Release */ = {
			isa = XCBuildConfiguration;
			buildSettings = {
				ALWAYS_EMBED_SWIFT_STANDARD_LIBRARIES = YES;
				BUNDLE_LOADER = "$(TEST_HOST)";
				CODE_SIGN_STYLE = Automatic;
				DEVELOPMENT_TEAM = S5BF5553KY;
				INFOPLIST_FILE = VisualEffectTraceExampleTests/Info.plist;
				IPHONEOS_DEPLOYMENT_TARGET = 13.1;
				LD_RUNPATH_SEARCH_PATHS = (
					"$(inherited)",
					"@executable_path/Frameworks",
					"@loader_path/Frameworks",
				);
				PRODUCT_BUNDLE_IDENTIFIER = com.just1factory.VisualEffectTraceExampleTests;
				PRODUCT_NAME = "$(TARGET_NAME)";
				SWIFT_VERSION = 5.0;
				TARGETED_DEVICE_FAMILY = "1,2";
				TEST_HOST = "$(BUILT_PRODUCTS_DIR)/VisualEffectTraceExample.app/VisualEffectTraceExample";
			};
			name = Release;
		};
		DEAA659623F3123100C5232B /* Debug */ = {
			isa = XCBuildConfiguration;
			buildSettings = {
				ALWAYS_EMBED_SWIFT_STANDARD_LIBRARIES = YES;
				CODE_SIGN_STYLE = Automatic;
				DEVELOPMENT_TEAM = S5BF5553KY;
				INFOPLIST_FILE = VisualEffectTraceExampleUITests/Info.plist;
				LD_RUNPATH_SEARCH_PATHS = (
					"$(inherited)",
					"@executable_path/Frameworks",
					"@loader_path/Frameworks",
				);
				PRODUCT_BUNDLE_IDENTIFIER = com.just1factory.VisualEffectTraceExampleUITests;
				PRODUCT_NAME = "$(TARGET_NAME)";
				SWIFT_VERSION = 5.0;
				TARGETED_DEVICE_FAMILY = "1,2";
				TEST_TARGET_NAME = VisualEffectTraceExample;
			};
			name = Debug;
		};
		DEAA659723F3123100C5232B /* Release */ = {
			isa = XCBuildConfiguration;
			buildSettings = {
				ALWAYS_EMBED_SWIFT_STANDARD_LIBRARIES = YES;
				CODE_SIGN_STYLE = Automatic;
				DEVELOPMENT_TEAM = S5BF5553KY;
				INFOPLIST_FILE = VisualEffectTraceExampleUITests/Info.plist;
				LD_RUNPATH_SEARCH_PATHS = (
					"$(inherited)",
					"@executable_path/Frameworks",
					"@loader_path/Frameworks",
				);
				PRODUCT_BUNDLE_IDENTIFIER = com.just1factory.VisualEffectTraceExampleUITests;
				PRODUCT_NAME = "$(TARGET_NAME)";
				SWIFT_VERSION = 5.0;
				TARGETED_DEVICE_FAMILY = "1,2";
				TEST_TARGET_NAME = VisualEffectTraceExample;
			};
			name = Release;
		};
/* End XCBuildConfiguration section */

/* Begin XCConfigurationList section */
		DEAA656023F3122F00C5232B /* Build configuration list for PBXProject "VisualEffectTraceExample" */ = {
			isa = XCConfigurationList;
			buildConfigurations = (
				DEAA658D23F3123100C5232B /* Debug */,
				DEAA658E23F3123100C5232B /* Release */,
			);
			defaultConfigurationIsVisible = 0;
			defaultConfigurationName = Release;
		};
		DEAA658F23F3123100C5232B /* Build configuration list for PBXNativeTarget "VisualEffectTraceExample" */ = {
			isa = XCConfigurationList;
			buildConfigurations = (
				DEAA659023F3123100C5232B /* Debug */,
				DEAA659123F3123100C5232B /* Release */,
			);
			defaultConfigurationIsVisible = 0;
			defaultConfigurationName = Release;
		};
		DEAA659223F3123100C5232B /* Build configuration list for PBXNativeTarget "VisualEffectTraceExampleTests" */ = {
			isa = XCConfigurationList;
			buildConfigurations = (
				DEAA659323F3123100C5232B /* Debug */,
				DEAA659423F3123100C5232B /* Release */,
			);
			defaultConfigurationIsVisible = 0;
			defaultConfigurationName = Release;
		};
		DEAA659523F3123100C5232B /* Build configuration list for PBXNativeTarget "VisualEffectTraceExampleUITests" */ = {
			isa = XCConfigurationList;
			buildConfigurations = (
				DEAA659623F3123100C5232B /* Debug */,
				DEAA659723F3123100C5232B /* Release */,
			);
			defaultConfigurationIsVisible = 0;
			defaultConfigurationName = Release;
		};
/* End XCConfigurationList section */
	};
	rootObject = DEAA655D23F3122F00C5232B /* Project object */;
}
